// !$*UTF8*$!
{
	archiveVersion = 1;
	classes = {
	};
	objectVersion = 45;
	objects = {

/* Begin PBXBuildFile section */
		0E053FF60FDF1FFD003688BB /* MPLWindow.m in Sources */ = {isa = PBXBuildFile; fileRef = 0E053FF40FDF1FFD003688BB /* MPLWindow.m */; };
		0E0AC921102030CE00C12D88 /* ECVVideoTrack.m in Sources */ = {isa = PBXBuildFile; fileRef = 0E0AC920102030CE00C12D88 /* ECVVideoTrack.m */; };
		0E0AC92410203FB300C12D88 /* QTKit.framework in Frameworks */ = {isa = PBXBuildFile; fileRef = 0E0AC92310203FB300C12D88 /* QTKit.framework */; };
		0E0ACAE71020993E00C12D88 /* ECVSoundTrack.m in Sources */ = {isa = PBXBuildFile; fileRef = 0E0ACAE61020993E00C12D88 /* ECVSoundTrack.m */; };
		0E16F6AE10AE92C600730A18 /* SAA711XChip.m in Sources */ = {isa = PBXBuildFile; fileRef = 0E16F6AD10AE92C600730A18 /* SAA711XChip.m */; };
		0E26A9851003127B002FF95A /* ECVConfig.xib in Resources */ = {isa = PBXBuildFile; fileRef = 0E26A9831003127B002FF95A /* ECVConfig.xib */; };
		0E26A999100314E6002FF95A /* ECVConfigController.m in Sources */ = {isa = PBXBuildFile; fileRef = 0E26A998100314E6002FF95A /* ECVConfigController.m */; };
		0E26AA4510033FC4002FF95A /* Credits.rtf in Resources */ = {isa = PBXBuildFile; fileRef = 0E26AA4310033FC4002FF95A /* Credits.rtf */; };
		0E26AA97100346D1002FF95A /* Localizable.strings in Resources */ = {isa = PBXBuildFile; fileRef = 0E26AA95100346D1002FF95A /* Localizable.strings */; };
		0E2C230B10AF91C6001B40EF /* ECVVideoFrame.m in Sources */ = {isa = PBXBuildFile; fileRef = 0E2C230A10AF91C6001B40EF /* ECVVideoFrame.m */; };
		0E78C93E0FC8F98100E9C148 /* ECVCaptureController.m in Sources */ = {isa = PBXBuildFile; fileRef = 0E78C93D0FC8F98100E9C148 /* ECVCaptureController.m */; };
		0E78C9F30FC8FA1000E9C148 /* IOKit.framework in Frameworks */ = {isa = PBXBuildFile; fileRef = 0E78C9F20FC8FA1000E9C148 /* IOKit.framework */; };
		0E78CA320FC9055100E9C148 /* ECVCapture.xib in Resources */ = {isa = PBXBuildFile; fileRef = 0E78CA300FC9055100E9C148 /* ECVCapture.xib */; };
		0E78CA4F0FC9128000E9C148 /* ECVController.m in Sources */ = {isa = PBXBuildFile; fileRef = 0E78CA4E0FC9128000E9C148 /* ECVController.m */; };
		0E78CAAE0FC91B6500E9C148 /* ECVSTK1160Controller.m in Sources */ = {isa = PBXBuildFile; fileRef = 0E78CAAD0FC91B6500E9C148 /* ECVSTK1160Controller.m */; };
		0E78CB980FC92D8300E9C148 /* ECVDebug.m in Sources */ = {isa = PBXBuildFile; fileRef = 0E78CB970FC92D8300E9C148 /* ECVDebug.m */; };
		0E78CD850FC9F9E300E9C148 /* QuartzCore.framework in Frameworks */ = {isa = PBXBuildFile; fileRef = 0E78CD840FC9F9E300E9C148 /* QuartzCore.framework */; };
		0E78CDB50FC9F9EB00E9C148 /* OpenGL.framework in Frameworks */ = {isa = PBXBuildFile; fileRef = 0E78CDB40FC9F9EB00E9C148 /* OpenGL.framework */; };
		0E7FFC0010899578000C8217 /* vecLib.framework in Frameworks */ = {isa = PBXBuildFile; fileRef = 0E7FFBFF10899578000C8217 /* vecLib.framework */; };
		0E7FFC4510899D4B000C8217 /* ECVDividerView.m in Sources */ = {isa = PBXBuildFile; fileRef = 0E7FFC4410899D4B000C8217 /* ECVDividerView.m */; };
		0E7FFD1B1089CEE0000C8217 /* ECVPlayButtonCell.m in Sources */ = {isa = PBXBuildFile; fileRef = 0E7FFD1A1089CEE0000C8217 /* ECVPlayButtonCell.m */; };
		0E7FFD1E1089D60A000C8217 /* ECVCropCell.m in Sources */ = {isa = PBXBuildFile; fileRef = 0E7FFD1D1089D60A000C8217 /* ECVCropCell.m */; };
		0E7FFD211089D651000C8217 /* ECVOpenGLAdditions.m in Sources */ = {isa = PBXBuildFile; fileRef = 0E7FFD201089D651000C8217 /* ECVOpenGLAdditions.m */; };
		0E8CE0CC107BCE12004F05A7 /* ECVHUDPopUpButtonCell.m in Sources */ = {isa = PBXBuildFile; fileRef = 0E8CE0CB107BCE12004F05A7 /* ECVHUDPopUpButtonCell.m */; };
		0E8CE152107BE511004F05A7 /* ECVQTKitAdditions.m in Sources */ = {isa = PBXBuildFile; fileRef = 0E8CE151107BE511004F05A7 /* ECVQTKitAdditions.m */; };
		0E8CE155107BE51C004F05A7 /* ECVAppKitAdditions.m in Sources */ = {isa = PBXBuildFile; fileRef = 0E8CE154107BE51C004F05A7 /* ECVAppKitAdditions.m */; };
		0E8CE1D1107BE953004F05A7 /* ECVHUDSliderCell.m in Sources */ = {isa = PBXBuildFile; fileRef = 0E8CE1D0107BE953004F05A7 /* ECVHUDSliderCell.m */; };
		0E8CE218107BF845004F05A7 /* ECVTickMarkView.m in Sources */ = {isa = PBXBuildFile; fileRef = 0E8CE217107BF845004F05A7 /* ECVTickMarkView.m */; };
		0E984D6B108C65D100CB469C /* ECVErrorLogController.m in Sources */ = {isa = PBXBuildFile; fileRef = 0E984D6A108C65D100CB469C /* ECVErrorLogController.m */; };
		0E984D6E108C660E00CB469C /* ECVErrorLog.xib in Resources */ = {isa = PBXBuildFile; fileRef = 0E984D6C108C660E00CB469C /* ECVErrorLog.xib */; };
		0E984E21108C7F3D00CB469C /* Log-Clear.png in Resources */ = {isa = PBXBuildFile; fileRef = 0E984E20108C7F3D00CB469C /* Log-Clear.png */; };
		0E9F5E631085D06F00375752 /* Carbon.framework in Frameworks */ = {isa = PBXBuildFile; fileRef = 0E9F5E621085D06F00375752 /* Carbon.framework */; };
		0EBC1B4C109A5B1700DFBA31 /* ECVTrack.m in Sources */ = {isa = PBXBuildFile; fileRef = 0EBC1B4B109A5B1700DFBA31 /* ECVTrack.m */; };
		0EC7D342101903F200CFBDFF /* CoreAudio.framework in Frameworks */ = {isa = PBXBuildFile; fileRef = 0EC7D341101903F200CFBDFF /* CoreAudio.framework */; };
		0EC7D4A41019A29800CFBDFF /* AudioToolbox.framework in Frameworks */ = {isa = PBXBuildFile; fileRef = 0EC7D4A31019A29800CFBDFF /* AudioToolbox.framework */; };
		0EC7D4AC1019B60100CFBDFF /* ECVAudioPipe.m in Sources */ = {isa = PBXBuildFile; fileRef = 0EC7D4AB1019B60100CFBDFF /* ECVAudioPipe.m */; };
		0EC7D4AF1019B67600CFBDFF /* ECVAudioDevice.m in Sources */ = {isa = PBXBuildFile; fileRef = 0EC7D4AE1019B67600CFBDFF /* ECVAudioDevice.m */; };
		0EC8BF901090A3F400ED9BB0 /* ECVRectEdgeMask.m in Sources */ = {isa = PBXBuildFile; fileRef = 0EC8BF8F1090A3F400ED9BB0 /* ECVRectEdgeMask.m */; };
		0EDF46C20FCE1B4F006630E1 /* stk11xx-dev-0408.m in Sources */ = {isa = PBXBuildFile; fileRef = 0E78CD4F0FC9F36000E9C148 /* stk11xx-dev-0408.m */; };
		0EE547941070F34C00F003AF /* CoreVideo.framework in Frameworks */ = {isa = PBXBuildFile; fileRef = 0EE547931070F34C00F003AF /* CoreVideo.framework */; };
		0EE5483A1071019600F003AF /* QuickTime.framework in Frameworks */ = {isa = PBXBuildFile; fileRef = 0EE548391071019600F003AF /* QuickTime.framework */; };
		0EEFA5C2103BB79A0038C135 /* ECVVideoView.m in Sources */ = {isa = PBXBuildFile; fileRef = 0EEFA5C1103BB79A0038C135 /* ECVVideoView.m */; };
		0EFEE896109205C300312653 /* Cursor-Resize-45.tiff in Resources */ = {isa = PBXBuildFile; fileRef = 0EFEE894109205C300312653 /* Cursor-Resize-45.tiff */; };
		0EFEE897109205C300312653 /* Cursor-Resize-135.tiff in Resources */ = {isa = PBXBuildFile; fileRef = 0EFEE895109205C300312653 /* Cursor-Resize-135.tiff */; };
		1DDD58160DA1D0A300B32029 /* MainMenu.xib in Resources */ = {isa = PBXBuildFile; fileRef = 1DDD58140DA1D0A300B32029 /* MainMenu.xib */; };
		8D11072B0486CEB800E47090 /* InfoPlist.strings in Resources */ = {isa = PBXBuildFile; fileRef = 089C165CFE840E0CC02AAC07 /* InfoPlist.strings */; };
		8D11072D0486CEB800E47090 /* main.m in Sources */ = {isa = PBXBuildFile; fileRef = 29B97316FDCFA39411CA2CEA /* main.m */; settings = {ATTRIBUTES = (); }; };
		8D11072F0486CEB800E47090 /* Cocoa.framework in Frameworks */ = {isa = PBXBuildFile; fileRef = 1058C7A1FEA54F0111CA2CBB /* Cocoa.framework */; };
/* End PBXBuildFile section */

/* Begin PBXCopyFilesBuildPhase section */
		0EB5348B101B3B2B000B7B2E /* CopyFiles */ = {
			isa = PBXCopyFilesBuildPhase;
			buildActionMask = 2147483647;
			dstPath = "";
			dstSubfolderSpec = 10;
			files = (
			);
			runOnlyForDeploymentPostprocessing = 0;
		};
/* End PBXCopyFilesBuildPhase section */

/* Begin PBXFileReference section */
		089C165DFE840E0CC02AAC07 /* English */ = {isa = PBXFileReference; fileEncoding = 10; lastKnownFileType = text.plist.strings; name = English; path = English.lproj/InfoPlist.strings; sourceTree = "<group>"; };
		0E053FF40FDF1FFD003688BB /* MPLWindow.m */ = {isa = PBXFileReference; fileEncoding = 4; lastKnownFileType = sourcecode.c.objc; path = MPLWindow.m; sourceTree = "<group>"; };
		0E053FF50FDF1FFD003688BB /* MPLWindow.h */ = {isa = PBXFileReference; fileEncoding = 4; lastKnownFileType = sourcecode.c.h; path = MPLWindow.h; sourceTree = "<group>"; };
		0E0AC91F102030CE00C12D88 /* ECVVideoTrack.h */ = {isa = PBXFileReference; fileEncoding = 4; lastKnownFileType = sourcecode.c.h; path = ECVVideoTrack.h; sourceTree = "<group>"; };
		0E0AC920102030CE00C12D88 /* ECVVideoTrack.m */ = {isa = PBXFileReference; fileEncoding = 4; lastKnownFileType = sourcecode.c.objc; path = ECVVideoTrack.m; sourceTree = "<group>"; };
		0E0AC92310203FB300C12D88 /* QTKit.framework */ = {isa = PBXFileReference; lastKnownFileType = wrapper.framework; name = QTKit.framework; path = System/Library/Frameworks/QTKit.framework; sourceTree = SDKROOT; };
		0E0ACAE51020993E00C12D88 /* ECVSoundTrack.h */ = {isa = PBXFileReference; fileEncoding = 4; lastKnownFileType = sourcecode.c.h; path = ECVSoundTrack.h; sourceTree = "<group>"; };
		0E0ACAE61020993E00C12D88 /* ECVSoundTrack.m */ = {isa = PBXFileReference; fileEncoding = 4; lastKnownFileType = sourcecode.c.objc; path = ECVSoundTrack.m; sourceTree = "<group>"; };
		0E16F6AC10AE92C600730A18 /* SAA711XChip.h */ = {isa = PBXFileReference; fileEncoding = 4; lastKnownFileType = sourcecode.c.h; path = SAA711XChip.h; sourceTree = "<group>"; };
		0E16F6AD10AE92C600730A18 /* SAA711XChip.m */ = {isa = PBXFileReference; fileEncoding = 4; lastKnownFileType = sourcecode.c.objc; path = SAA711XChip.m; sourceTree = "<group>"; };
		0E26A9841003127B002FF95A /* English */ = {isa = PBXFileReference; lastKnownFileType = file.xib; name = English; path = English.lproj/ECVConfig.xib; sourceTree = "<group>"; };
		0E26A997100314E6002FF95A /* ECVConfigController.h */ = {isa = PBXFileReference; fileEncoding = 4; lastKnownFileType = sourcecode.c.h; path = ECVConfigController.h; sourceTree = "<group>"; };
		0E26A998100314E6002FF95A /* ECVConfigController.m */ = {isa = PBXFileReference; fileEncoding = 4; lastKnownFileType = sourcecode.c.objc; path = ECVConfigController.m; sourceTree = "<group>"; };
		0E26AA4410033FC4002FF95A /* English */ = {isa = PBXFileReference; lastKnownFileType = text.rtf; name = English; path = English.lproj/Credits.rtf; sourceTree = "<group>"; };
		0E26AA96100346D1002FF95A /* English */ = {isa = PBXFileReference; fileEncoding = 4; lastKnownFileType = text.plist.strings; name = English; path = English.lproj/Localizable.strings; sourceTree = "<group>"; };
		0E2C230910AF91C6001B40EF /* ECVVideoFrame.h */ = {isa = PBXFileReference; fileEncoding = 4; lastKnownFileType = sourcecode.c.h; path = ECVVideoFrame.h; sourceTree = "<group>"; };
		0E2C230A10AF91C6001B40EF /* ECVVideoFrame.m */ = {isa = PBXFileReference; fileEncoding = 4; lastKnownFileType = sourcecode.c.objc; path = ECVVideoFrame.m; sourceTree = "<group>"; };
		0E78C93C0FC8F98100E9C148 /* ECVCaptureController.h */ = {isa = PBXFileReference; fileEncoding = 4; lastKnownFileType = sourcecode.c.h; path = ECVCaptureController.h; sourceTree = "<group>"; };
		0E78C93D0FC8F98100E9C148 /* ECVCaptureController.m */ = {isa = PBXFileReference; fileEncoding = 4; lastKnownFileType = sourcecode.c.objc; path = ECVCaptureController.m; sourceTree = "<group>"; };
		0E78C9F20FC8FA1000E9C148 /* IOKit.framework */ = {isa = PBXFileReference; lastKnownFileType = wrapper.framework; name = IOKit.framework; path = /System/Library/Frameworks/IOKit.framework; sourceTree = "<absolute>"; };
		0E78CA310FC9055100E9C148 /* English */ = {isa = PBXFileReference; lastKnownFileType = file.xib; name = English; path = English.lproj/ECVCapture.xib; sourceTree = "<group>"; };
		0E78CA4D0FC9128000E9C148 /* ECVController.h */ = {isa = PBXFileReference; fileEncoding = 4; lastKnownFileType = sourcecode.c.h; path = ECVController.h; sourceTree = "<group>"; };
		0E78CA4E0FC9128000E9C148 /* ECVController.m */ = {isa = PBXFileReference; fileEncoding = 4; lastKnownFileType = sourcecode.c.objc; path = ECVController.m; sourceTree = "<group>"; };
		0E78CAAC0FC91B6500E9C148 /* ECVSTK1160Controller.h */ = {isa = PBXFileReference; fileEncoding = 4; lastKnownFileType = sourcecode.c.h; path = ECVSTK1160Controller.h; sourceTree = "<group>"; };
		0E78CAAD0FC91B6500E9C148 /* ECVSTK1160Controller.m */ = {isa = PBXFileReference; fileEncoding = 4; lastKnownFileType = sourcecode.c.objc; path = ECVSTK1160Controller.m; sourceTree = "<group>"; };
		0E78CB960FC92D8300E9C148 /* ECVDebug.h */ = {isa = PBXFileReference; fileEncoding = 4; lastKnownFileType = sourcecode.c.h; path = ECVDebug.h; sourceTree = "<group>"; };
		0E78CB970FC92D8300E9C148 /* ECVDebug.m */ = {isa = PBXFileReference; fileEncoding = 4; lastKnownFileType = sourcecode.c.objc; path = ECVDebug.m; sourceTree = "<group>"; };
		0E78CD4F0FC9F36000E9C148 /* stk11xx-dev-0408.m */ = {isa = PBXFileReference; fileEncoding = 4; lastKnownFileType = sourcecode.c.objc; path = "stk11xx-dev-0408.m"; sourceTree = "<group>"; };
		0E78CD840FC9F9E300E9C148 /* QuartzCore.framework */ = {isa = PBXFileReference; lastKnownFileType = wrapper.framework; name = QuartzCore.framework; path = System/Library/Frameworks/QuartzCore.framework; sourceTree = SDKROOT; };
		0E78CDB40FC9F9EB00E9C148 /* OpenGL.framework */ = {isa = PBXFileReference; lastKnownFileType = wrapper.framework; name = OpenGL.framework; path = System/Library/Frameworks/OpenGL.framework; sourceTree = SDKROOT; };
		0E7FFBFF10899578000C8217 /* vecLib.framework */ = {isa = PBXFileReference; lastKnownFileType = wrapper.framework; name = vecLib.framework; path = /System/Library/Frameworks/vecLib.framework; sourceTree = "<absolute>"; };
		0E7FFC4310899D4B000C8217 /* ECVDividerView.h */ = {isa = PBXFileReference; fileEncoding = 4; lastKnownFileType = sourcecode.c.h; path = ECVDividerView.h; sourceTree = "<group>"; };
		0E7FFC4410899D4B000C8217 /* ECVDividerView.m */ = {isa = PBXFileReference; fileEncoding = 4; lastKnownFileType = sourcecode.c.objc; path = ECVDividerView.m; sourceTree = "<group>"; };
		0E7FFD191089CEE0000C8217 /* ECVPlayButtonCell.h */ = {isa = PBXFileReference; fileEncoding = 4; lastKnownFileType = sourcecode.c.h; path = ECVPlayButtonCell.h; sourceTree = "<group>"; };
		0E7FFD1A1089CEE0000C8217 /* ECVPlayButtonCell.m */ = {isa = PBXFileReference; fileEncoding = 4; lastKnownFileType = sourcecode.c.objc; path = ECVPlayButtonCell.m; sourceTree = "<group>"; };
		0E7FFD1C1089D60A000C8217 /* ECVCropCell.h */ = {isa = PBXFileReference; fileEncoding = 4; lastKnownFileType = sourcecode.c.h; path = ECVCropCell.h; sourceTree = "<group>"; };
		0E7FFD1D1089D60A000C8217 /* ECVCropCell.m */ = {isa = PBXFileReference; fileEncoding = 4; lastKnownFileType = sourcecode.c.objc; path = ECVCropCell.m; sourceTree = "<group>"; };
		0E7FFD1F1089D651000C8217 /* ECVOpenGLAdditions.h */ = {isa = PBXFileReference; fileEncoding = 4; lastKnownFileType = sourcecode.c.h; path = ECVOpenGLAdditions.h; sourceTree = "<group>"; };
		0E7FFD201089D651000C8217 /* ECVOpenGLAdditions.m */ = {isa = PBXFileReference; fileEncoding = 4; lastKnownFileType = sourcecode.c.objc; path = ECVOpenGLAdditions.m; sourceTree = "<group>"; };
		0E8CE0CA107BCE12004F05A7 /* ECVHUDPopUpButtonCell.h */ = {isa = PBXFileReference; fileEncoding = 4; lastKnownFileType = sourcecode.c.h; path = ECVHUDPopUpButtonCell.h; sourceTree = "<group>"; };
		0E8CE0CB107BCE12004F05A7 /* ECVHUDPopUpButtonCell.m */ = {isa = PBXFileReference; fileEncoding = 4; lastKnownFileType = sourcecode.c.objc; path = ECVHUDPopUpButtonCell.m; sourceTree = "<group>"; };
		0E8CE150107BE511004F05A7 /* ECVQTKitAdditions.h */ = {isa = PBXFileReference; fileEncoding = 4; lastKnownFileType = sourcecode.c.h; path = ECVQTKitAdditions.h; sourceTree = "<group>"; };
		0E8CE151107BE511004F05A7 /* ECVQTKitAdditions.m */ = {isa = PBXFileReference; fileEncoding = 4; lastKnownFileType = sourcecode.c.objc; path = ECVQTKitAdditions.m; sourceTree = "<group>"; };
		0E8CE153107BE51C004F05A7 /* ECVAppKitAdditions.h */ = {isa = PBXFileReference; fileEncoding = 4; lastKnownFileType = sourcecode.c.h; path = ECVAppKitAdditions.h; sourceTree = "<group>"; };
		0E8CE154107BE51C004F05A7 /* ECVAppKitAdditions.m */ = {isa = PBXFileReference; fileEncoding = 4; lastKnownFileType = sourcecode.c.objc; path = ECVAppKitAdditions.m; sourceTree = "<group>"; };
		0E8CE1CF107BE953004F05A7 /* ECVHUDSliderCell.h */ = {isa = PBXFileReference; fileEncoding = 4; lastKnownFileType = sourcecode.c.h; path = ECVHUDSliderCell.h; sourceTree = "<group>"; };
		0E8CE1D0107BE953004F05A7 /* ECVHUDSliderCell.m */ = {isa = PBXFileReference; fileEncoding = 4; lastKnownFileType = sourcecode.c.objc; path = ECVHUDSliderCell.m; sourceTree = "<group>"; };
		0E8CE216107BF845004F05A7 /* ECVTickMarkView.h */ = {isa = PBXFileReference; fileEncoding = 4; lastKnownFileType = sourcecode.c.h; path = ECVTickMarkView.h; sourceTree = "<group>"; };
		0E8CE217107BF845004F05A7 /* ECVTickMarkView.m */ = {isa = PBXFileReference; fileEncoding = 4; lastKnownFileType = sourcecode.c.objc; path = ECVTickMarkView.m; sourceTree = "<group>"; };
		0E984D69108C65D100CB469C /* ECVErrorLogController.h */ = {isa = PBXFileReference; fileEncoding = 4; lastKnownFileType = sourcecode.c.h; path = ECVErrorLogController.h; sourceTree = "<group>"; };
		0E984D6A108C65D100CB469C /* ECVErrorLogController.m */ = {isa = PBXFileReference; fileEncoding = 4; lastKnownFileType = sourcecode.c.objc; path = ECVErrorLogController.m; sourceTree = "<group>"; };
		0E984D6D108C660E00CB469C /* English */ = {isa = PBXFileReference; lastKnownFileType = file.xib; name = English; path = English.lproj/ECVErrorLog.xib; sourceTree = "<group>"; };
		0E984E20108C7F3D00CB469C /* Log-Clear.png */ = {isa = PBXFileReference; lastKnownFileType = image.png; path = "Log-Clear.png"; sourceTree = "<group>"; };
		0E9F5E621085D06F00375752 /* Carbon.framework */ = {isa = PBXFileReference; lastKnownFileType = wrapper.framework; name = Carbon.framework; path = /System/Library/Frameworks/Carbon.framework; sourceTree = "<absolute>"; };
		0EBC1B4A109A5B1700DFBA31 /* ECVTrack.h */ = {isa = PBXFileReference; fileEncoding = 4; lastKnownFileType = sourcecode.c.h; path = ECVTrack.h; sourceTree = "<group>"; };
		0EBC1B4B109A5B1700DFBA31 /* ECVTrack.m */ = {isa = PBXFileReference; fileEncoding = 4; lastKnownFileType = sourcecode.c.objc; path = ECVTrack.m; sourceTree = "<group>"; };
		0EC7D341101903F200CFBDFF /* CoreAudio.framework */ = {isa = PBXFileReference; lastKnownFileType = wrapper.framework; name = CoreAudio.framework; path = System/Library/Frameworks/CoreAudio.framework; sourceTree = SDKROOT; };
		0EC7D4A31019A29800CFBDFF /* AudioToolbox.framework */ = {isa = PBXFileReference; lastKnownFileType = wrapper.framework; name = AudioToolbox.framework; path = System/Library/Frameworks/AudioToolbox.framework; sourceTree = SDKROOT; };
		0EC7D4AA1019B60100CFBDFF /* ECVAudioPipe.h */ = {isa = PBXFileReference; fileEncoding = 4; lastKnownFileType = sourcecode.c.h; path = ECVAudioPipe.h; sourceTree = "<group>"; };
		0EC7D4AB1019B60100CFBDFF /* ECVAudioPipe.m */ = {isa = PBXFileReference; fileEncoding = 4; lastKnownFileType = sourcecode.c.objc; path = ECVAudioPipe.m; sourceTree = "<group>"; };
		0EC7D4AD1019B67600CFBDFF /* ECVAudioDevice.h */ = {isa = PBXFileReference; fileEncoding = 4; lastKnownFileType = sourcecode.c.h; path = ECVAudioDevice.h; sourceTree = "<group>"; };
		0EC7D4AE1019B67600CFBDFF /* ECVAudioDevice.m */ = {isa = PBXFileReference; fileEncoding = 4; lastKnownFileType = sourcecode.c.objc; path = ECVAudioDevice.m; sourceTree = "<group>"; };
		0EC8BF8E1090A3F400ED9BB0 /* ECVRectEdgeMask.h */ = {isa = PBXFileReference; fileEncoding = 4; lastKnownFileType = sourcecode.c.h; path = ECVRectEdgeMask.h; sourceTree = "<group>"; };
		0EC8BF8F1090A3F400ED9BB0 /* ECVRectEdgeMask.m */ = {isa = PBXFileReference; fileEncoding = 4; lastKnownFileType = sourcecode.c.objc; path = ECVRectEdgeMask.m; sourceTree = "<group>"; };
		0EDF451A0FCD2167006630E1 /* stk11xx.h */ = {isa = PBXFileReference; fileEncoding = 4; lastKnownFileType = sourcecode.c.h; path = stk11xx.h; sourceTree = "<group>"; };
		0EE547931070F34C00F003AF /* CoreVideo.framework */ = {isa = PBXFileReference; lastKnownFileType = wrapper.framework; name = CoreVideo.framework; path = /System/Library/Frameworks/CoreVideo.framework; sourceTree = "<absolute>"; };
		0EE548391071019600F003AF /* QuickTime.framework */ = {isa = PBXFileReference; lastKnownFileType = wrapper.framework; name = QuickTime.framework; path = /System/Library/Frameworks/QuickTime.framework; sourceTree = "<absolute>"; };
		0EEFA5C0103BB79A0038C135 /* ECVVideoView.h */ = {isa = PBXFileReference; fileEncoding = 4; lastKnownFileType = sourcecode.c.h; path = ECVVideoView.h; sourceTree = "<group>"; };
		0EEFA5C1103BB79A0038C135 /* ECVVideoView.m */ = {isa = PBXFileReference; fileEncoding = 4; lastKnownFileType = sourcecode.c.objc; path = ECVVideoView.m; sourceTree = "<group>"; };
		0EFEE894109205C300312653 /* Cursor-Resize-45.tiff */ = {isa = PBXFileReference; lastKnownFileType = image.tiff; path = "Cursor-Resize-45.tiff"; sourceTree = "<group>"; };
		0EFEE895109205C300312653 /* Cursor-Resize-135.tiff */ = {isa = PBXFileReference; lastKnownFileType = image.tiff; path = "Cursor-Resize-135.tiff"; sourceTree = "<group>"; };
		1058C7A1FEA54F0111CA2CBB /* Cocoa.framework */ = {isa = PBXFileReference; lastKnownFileType = wrapper.framework; name = Cocoa.framework; path = /System/Library/Frameworks/Cocoa.framework; sourceTree = "<absolute>"; };
		13E42FB307B3F0F600E4EEF1 /* CoreData.framework */ = {isa = PBXFileReference; lastKnownFileType = wrapper.framework; name = CoreData.framework; path = /System/Library/Frameworks/CoreData.framework; sourceTree = "<absolute>"; };
		1DDD58150DA1D0A300B32029 /* English */ = {isa = PBXFileReference; lastKnownFileType = file.xib; name = English; path = English.lproj/MainMenu.xib; sourceTree = "<group>"; };
		29B97316FDCFA39411CA2CEA /* main.m */ = {isa = PBXFileReference; fileEncoding = 4; lastKnownFileType = sourcecode.c.objc; path = main.m; sourceTree = "<group>"; };
		29B97324FDCFA39411CA2CEA /* AppKit.framework */ = {isa = PBXFileReference; lastKnownFileType = wrapper.framework; name = AppKit.framework; path = /System/Library/Frameworks/AppKit.framework; sourceTree = "<absolute>"; };
		29B97325FDCFA39411CA2CEA /* Foundation.framework */ = {isa = PBXFileReference; lastKnownFileType = wrapper.framework; name = Foundation.framework; path = /System/Library/Frameworks/Foundation.framework; sourceTree = "<absolute>"; };
		32CA4F630368D1EE00C91783 /* EasyCapViewer_Prefix.pch */ = {isa = PBXFileReference; fileEncoding = 4; lastKnownFileType = sourcecode.c.h; path = EasyCapViewer_Prefix.pch; sourceTree = "<group>"; };
		8D1107310486CEB800E47090 /* Info.plist */ = {isa = PBXFileReference; fileEncoding = 4; lastKnownFileType = text.plist.xml; path = Info.plist; sourceTree = "<group>"; };
		8D1107320486CEB800E47090 /* EasyCapViewer.app */ = {isa = PBXFileReference; explicitFileType = wrapper.application; includeInIndex = 0; path = EasyCapViewer.app; sourceTree = BUILT_PRODUCTS_DIR; };
/* End PBXFileReference section */

/* Begin PBXFrameworksBuildPhase section */
		8D11072E0486CEB800E47090 /* Frameworks */ = {
			isa = PBXFrameworksBuildPhase;
			buildActionMask = 2147483647;
			files = (
				8D11072F0486CEB800E47090 /* Cocoa.framework in Frameworks */,
				0E78C9F30FC8FA1000E9C148 /* IOKit.framework in Frameworks */,
				0E78CD850FC9F9E300E9C148 /* QuartzCore.framework in Frameworks */,
				0E78CDB50FC9F9EB00E9C148 /* OpenGL.framework in Frameworks */,
				0EC7D342101903F200CFBDFF /* CoreAudio.framework in Frameworks */,
				0EC7D4A41019A29800CFBDFF /* AudioToolbox.framework in Frameworks */,
				0E0AC92410203FB300C12D88 /* QTKit.framework in Frameworks */,
				0EE547941070F34C00F003AF /* CoreVideo.framework in Frameworks */,
				0EE5483A1071019600F003AF /* QuickTime.framework in Frameworks */,
				0E9F5E631085D06F00375752 /* Carbon.framework in Frameworks */,
				0E7FFC0010899578000C8217 /* vecLib.framework in Frameworks */,
			);
			runOnlyForDeploymentPostprocessing = 0;
		};
/* End PBXFrameworksBuildPhase section */

/* Begin PBXGroup section */
		080E96DDFE201D6D7F000001 /* Controllers */ = {
			isa = PBXGroup;
			children = (
				0E78CA4D0FC9128000E9C148 /* ECVController.h */,
				0E78CA4E0FC9128000E9C148 /* ECVController.m */,
				0E78C93C0FC8F98100E9C148 /* ECVCaptureController.h */,
				0E78C93D0FC8F98100E9C148 /* ECVCaptureController.m */,
				0E78CD500FC9F8E500E9C148 /* STK1160 */,
				0E26A997100314E6002FF95A /* ECVConfigController.h */,
				0E26A998100314E6002FF95A /* ECVConfigController.m */,
				0E984D69108C65D100CB469C /* ECVErrorLogController.h */,
				0E984D6A108C65D100CB469C /* ECVErrorLogController.m */,
			);
			name = Controllers;
			sourceTree = "<group>";
		};
		0E2C230810AF91BD001B40EF /* Models */ = {
			isa = PBXGroup;
			children = (
				0E2C230910AF91C6001B40EF /* ECVVideoFrame.h */,
				0E2C230A10AF91C6001B40EF /* ECVVideoFrame.m */,
			);
			name = Models;
			sourceTree = "<group>";
		};
		0E78CD500FC9F8E500E9C148 /* STK1160 */ = {
			isa = PBXGroup;
			children = (
				0E78CAAC0FC91B6500E9C148 /* ECVSTK1160Controller.h */,
				0E78CAAD0FC91B6500E9C148 /* ECVSTK1160Controller.m */,
				0EDF451A0FCD2167006630E1 /* stk11xx.h */,
				0E78CD4F0FC9F36000E9C148 /* stk11xx-dev-0408.m */,
			);
			name = STK1160;
			sourceTree = "<group>";
		};
		0E78CE870FC9FA5F00E9C148 /* Views */ = {
			isa = PBXGroup;
			children = (
				0E053FF50FDF1FFD003688BB /* MPLWindow.h */,
				0E053FF40FDF1FFD003688BB /* MPLWindow.m */,
				0EEFA5C0103BB79A0038C135 /* ECVVideoView.h */,
				0EEFA5C1103BB79A0038C135 /* ECVVideoView.m */,
				0E8CE0CA107BCE12004F05A7 /* ECVHUDPopUpButtonCell.h */,
				0E8CE0CB107BCE12004F05A7 /* ECVHUDPopUpButtonCell.m */,
				0E8CE1CF107BE953004F05A7 /* ECVHUDSliderCell.h */,
				0E8CE1D0107BE953004F05A7 /* ECVHUDSliderCell.m */,
				0E8CE216107BF845004F05A7 /* ECVTickMarkView.h */,
				0E8CE217107BF845004F05A7 /* ECVTickMarkView.m */,
				0E7FFC4310899D4B000C8217 /* ECVDividerView.h */,
				0E7FFC4410899D4B000C8217 /* ECVDividerView.m */,
				0E7FFD191089CEE0000C8217 /* ECVPlayButtonCell.h */,
				0E7FFD1A1089CEE0000C8217 /* ECVPlayButtonCell.m */,
				0E7FFD1C1089D60A000C8217 /* ECVCropCell.h */,
				0E7FFD1D1089D60A000C8217 /* ECVCropCell.m */,
			);
			name = Views;
			sourceTree = "<group>";
		};
		1058C7A0FEA54F0111CA2CBB /* Linked Frameworks */ = {
			isa = PBXGroup;
			children = (
				0EC7D4A31019A29800CFBDFF /* AudioToolbox.framework */,
				0E9F5E621085D06F00375752 /* Carbon.framework */,
				1058C7A1FEA54F0111CA2CBB /* Cocoa.framework */,
				0EC7D341101903F200CFBDFF /* CoreAudio.framework */,
				0EE547931070F34C00F003AF /* CoreVideo.framework */,
				0E78C9F20FC8FA1000E9C148 /* IOKit.framework */,
				0E78CD840FC9F9E300E9C148 /* QuartzCore.framework */,
				0E78CDB40FC9F9EB00E9C148 /* OpenGL.framework */,
				0E0AC92310203FB300C12D88 /* QTKit.framework */,
				0EE548391071019600F003AF /* QuickTime.framework */,
				0E7FFBFF10899578000C8217 /* vecLib.framework */,
			);
			name = "Linked Frameworks";
			sourceTree = "<group>";
		};
		1058C7A2FEA54F0111CA2CBB /* Other Frameworks */ = {
			isa = PBXGroup;
			children = (
				29B97324FDCFA39411CA2CEA /* AppKit.framework */,
				13E42FB307B3F0F600E4EEF1 /* CoreData.framework */,
				29B97325FDCFA39411CA2CEA /* Foundation.framework */,
			);
			name = "Other Frameworks";
			sourceTree = "<group>";
		};
		19C28FACFE9D520D11CA2CBB /* Products */ = {
			isa = PBXGroup;
			children = (
				8D1107320486CEB800E47090 /* EasyCapViewer.app */,
			);
			name = Products;
			sourceTree = "<group>";
		};
		29B97314FDCFA39411CA2CEA /* EasyCapViewer */ = {
			isa = PBXGroup;
			children = (
				0E2C230810AF91BD001B40EF /* Models */,
				0E78CE870FC9FA5F00E9C148 /* Views */,
				080E96DDFE201D6D7F000001 /* Controllers */,
				29B97315FDCFA39411CA2CEA /* Other Sources */,
				29B97317FDCFA39411CA2CEA /* Resources */,
				29B97323FDCFA39411CA2CEA /* Frameworks */,
				19C28FACFE9D520D11CA2CBB /* Products */,
			);
			name = EasyCapViewer;
			sourceTree = "<group>";
		};
		29B97315FDCFA39411CA2CEA /* Other Sources */ = {
			isa = PBXGroup;
			children = (
				29B97316FDCFA39411CA2CEA /* main.m */,
				32CA4F630368D1EE00C91783 /* EasyCapViewer_Prefix.pch */,
				0E8CE153107BE51C004F05A7 /* ECVAppKitAdditions.h */,
				0E8CE154107BE51C004F05A7 /* ECVAppKitAdditions.m */,
				0EC7D4AD1019B67600CFBDFF /* ECVAudioDevice.h */,
				0EC7D4AE1019B67600CFBDFF /* ECVAudioDevice.m */,
				0EC7D4AA1019B60100CFBDFF /* ECVAudioPipe.h */,
				0EC7D4AB1019B60100CFBDFF /* ECVAudioPipe.m */,
				0E78CB960FC92D8300E9C148 /* ECVDebug.h */,
				0E78CB970FC92D8300E9C148 /* ECVDebug.m */,
				0E7FFD1F1089D651000C8217 /* ECVOpenGLAdditions.h */,
				0E7FFD201089D651000C8217 /* ECVOpenGLAdditions.m */,
				0E8CE150107BE511004F05A7 /* ECVQTKitAdditions.h */,
				0E8CE151107BE511004F05A7 /* ECVQTKitAdditions.m */,
				0EC8BF8E1090A3F400ED9BB0 /* ECVRectEdgeMask.h */,
				0EC8BF8F1090A3F400ED9BB0 /* ECVRectEdgeMask.m */,
				0EBC1B4A109A5B1700DFBA31 /* ECVTrack.h */,
				0EBC1B4B109A5B1700DFBA31 /* ECVTrack.m */,
				0E0ACAE51020993E00C12D88 /* ECVSoundTrack.h */,
				0E0ACAE61020993E00C12D88 /* ECVSoundTrack.m */,
				0E0AC91F102030CE00C12D88 /* ECVVideoTrack.h */,
				0E0AC920102030CE00C12D88 /* ECVVideoTrack.m */,
				0E16F6AC10AE92C600730A18 /* SAA711XChip.h */,
				0E16F6AD10AE92C600730A18 /* SAA711XChip.m */,
			);
			name = "Other Sources";
			sourceTree = "<group>";
		};
		29B97317FDCFA39411CA2CEA /* Resources */ = {
			isa = PBXGroup;
			children = (
				8D1107310486CEB800E47090 /* Info.plist */,
				089C165CFE840E0CC02AAC07 /* InfoPlist.strings */,
				0E26AA95100346D1002FF95A /* Localizable.strings */,
				0E26AA4310033FC4002FF95A /* Credits.rtf */,
				1DDD58140DA1D0A300B32029 /* MainMenu.xib */,
				0E78CA300FC9055100E9C148 /* ECVCapture.xib */,
				0E26A9831003127B002FF95A /* ECVConfig.xib */,
				0E984D6C108C660E00CB469C /* ECVErrorLog.xib */,
				0EFEE894109205C300312653 /* Cursor-Resize-45.tiff */,
				0EFEE895109205C300312653 /* Cursor-Resize-135.tiff */,
				0E984E20108C7F3D00CB469C /* Log-Clear.png */,
			);
			name = Resources;
			sourceTree = "<group>";
		};
		29B97323FDCFA39411CA2CEA /* Frameworks */ = {
			isa = PBXGroup;
			children = (
				1058C7A0FEA54F0111CA2CBB /* Linked Frameworks */,
				1058C7A2FEA54F0111CA2CBB /* Other Frameworks */,
			);
			name = Frameworks;
			sourceTree = "<group>";
		};
/* End PBXGroup section */

/* Begin PBXNativeTarget section */
		8D1107260486CEB800E47090 /* EasyCapViewer */ = {
			isa = PBXNativeTarget;
			buildConfigurationList = C01FCF4A08A954540054247B /* Build configuration list for PBXNativeTarget "EasyCapViewer" */;
			buildPhases = (
				8D1107290486CEB800E47090 /* Resources */,
				8D11072C0486CEB800E47090 /* Sources */,
				0EB5348B101B3B2B000B7B2E /* CopyFiles */,
				8D11072E0486CEB800E47090 /* Frameworks */,
			);
			buildRules = (
			);
			dependencies = (
			);
			name = EasyCapViewer;
			productInstallPath = "$(HOME)/Applications";
			productName = EasyCapViewer;
			productReference = 8D1107320486CEB800E47090 /* EasyCapViewer.app */;
			productType = "com.apple.product-type.application";
		};
/* End PBXNativeTarget section */

/* Begin PBXProject section */
		29B97313FDCFA39411CA2CEA /* Project object */ = {
			isa = PBXProject;
			buildConfigurationList = C01FCF4E08A954540054247B /* Build configuration list for PBXProject "EasyCapViewer" */;
			compatibilityVersion = "Xcode 3.1";
			hasScannedForEncodings = 1;
			mainGroup = 29B97314FDCFA39411CA2CEA /* EasyCapViewer */;
			projectDirPath = "";
			projectRoot = "";
			targets = (
				8D1107260486CEB800E47090 /* EasyCapViewer */,
			);
		};
/* End PBXProject section */

/* Begin PBXResourcesBuildPhase section */
		8D1107290486CEB800E47090 /* Resources */ = {
			isa = PBXResourcesBuildPhase;
			buildActionMask = 2147483647;
			files = (
				8D11072B0486CEB800E47090 /* InfoPlist.strings in Resources */,
				1DDD58160DA1D0A300B32029 /* MainMenu.xib in Resources */,
				0E78CA320FC9055100E9C148 /* ECVCapture.xib in Resources */,
				0E26A9851003127B002FF95A /* ECVConfig.xib in Resources */,
				0E26AA4510033FC4002FF95A /* Credits.rtf in Resources */,
				0E26AA97100346D1002FF95A /* Localizable.strings in Resources */,
				0E984D6E108C660E00CB469C /* ECVErrorLog.xib in Resources */,
				0E984E21108C7F3D00CB469C /* Log-Clear.png in Resources */,
				0EFEE896109205C300312653 /* Cursor-Resize-45.tiff in Resources */,
				0EFEE897109205C300312653 /* Cursor-Resize-135.tiff in Resources */,
			);
			runOnlyForDeploymentPostprocessing = 0;
		};
/* End PBXResourcesBuildPhase section */

/* Begin PBXSourcesBuildPhase section */
		8D11072C0486CEB800E47090 /* Sources */ = {
			isa = PBXSourcesBuildPhase;
			buildActionMask = 2147483647;
			files = (
				8D11072D0486CEB800E47090 /* main.m in Sources */,
				0E78C93E0FC8F98100E9C148 /* ECVCaptureController.m in Sources */,
				0E78CA4F0FC9128000E9C148 /* ECVController.m in Sources */,
				0E78CAAE0FC91B6500E9C148 /* ECVSTK1160Controller.m in Sources */,
				0E78CB980FC92D8300E9C148 /* ECVDebug.m in Sources */,
				0EDF46C20FCE1B4F006630E1 /* stk11xx-dev-0408.m in Sources */,
				0E053FF60FDF1FFD003688BB /* MPLWindow.m in Sources */,
				0E26A999100314E6002FF95A /* ECVConfigController.m in Sources */,
				0EC7D4AC1019B60100CFBDFF /* ECVAudioPipe.m in Sources */,
				0EC7D4AF1019B67600CFBDFF /* ECVAudioDevice.m in Sources */,
				0E0AC921102030CE00C12D88 /* ECVVideoTrack.m in Sources */,
				0E0ACAE71020993E00C12D88 /* ECVSoundTrack.m in Sources */,
				0EEFA5C2103BB79A0038C135 /* ECVVideoView.m in Sources */,
				0E8CE0CC107BCE12004F05A7 /* ECVHUDPopUpButtonCell.m in Sources */,
				0E8CE152107BE511004F05A7 /* ECVQTKitAdditions.m in Sources */,
				0E8CE155107BE51C004F05A7 /* ECVAppKitAdditions.m in Sources */,
				0E8CE1D1107BE953004F05A7 /* ECVHUDSliderCell.m in Sources */,
				0E8CE218107BF845004F05A7 /* ECVTickMarkView.m in Sources */,
				0E7FFC4510899D4B000C8217 /* ECVDividerView.m in Sources */,
				0E7FFD1B1089CEE0000C8217 /* ECVPlayButtonCell.m in Sources */,
				0E7FFD1E1089D60A000C8217 /* ECVCropCell.m in Sources */,
				0E7FFD211089D651000C8217 /* ECVOpenGLAdditions.m in Sources */,
				0E984D6B108C65D100CB469C /* ECVErrorLogController.m in Sources */,
				0EC8BF901090A3F400ED9BB0 /* ECVRectEdgeMask.m in Sources */,
				0EBC1B4C109A5B1700DFBA31 /* ECVTrack.m in Sources */,
				0E16F6AE10AE92C600730A18 /* SAA711XChip.m in Sources */,
				0E2C230B10AF91C6001B40EF /* ECVVideoFrame.m in Sources */,
			);
			runOnlyForDeploymentPostprocessing = 0;
		};
/* End PBXSourcesBuildPhase section */

/* Begin PBXVariantGroup section */
		089C165CFE840E0CC02AAC07 /* InfoPlist.strings */ = {
			isa = PBXVariantGroup;
			children = (
				089C165DFE840E0CC02AAC07 /* English */,
			);
			name = InfoPlist.strings;
			sourceTree = "<group>";
		};
		0E26A9831003127B002FF95A /* ECVConfig.xib */ = {
			isa = PBXVariantGroup;
			children = (
				0E26A9841003127B002FF95A /* English */,
			);
			name = ECVConfig.xib;
			sourceTree = "<group>";
		};
		0E26AA4310033FC4002FF95A /* Credits.rtf */ = {
			isa = PBXVariantGroup;
			children = (
				0E26AA4410033FC4002FF95A /* English */,
			);
			name = Credits.rtf;
			sourceTree = "<group>";
		};
		0E26AA95100346D1002FF95A /* Localizable.strings */ = {
			isa = PBXVariantGroup;
			children = (
				0E26AA96100346D1002FF95A /* English */,
			);
			name = Localizable.strings;
			sourceTree = "<group>";
		};
		0E78CA300FC9055100E9C148 /* ECVCapture.xib */ = {
			isa = PBXVariantGroup;
			children = (
				0E78CA310FC9055100E9C148 /* English */,
			);
			name = ECVCapture.xib;
			sourceTree = "<group>";
		};
		0E984D6C108C660E00CB469C /* ECVErrorLog.xib */ = {
			isa = PBXVariantGroup;
			children = (
				0E984D6D108C660E00CB469C /* English */,
			);
			name = ECVErrorLog.xib;
			sourceTree = "<group>";
		};
		1DDD58140DA1D0A300B32029 /* MainMenu.xib */ = {
			isa = PBXVariantGroup;
			children = (
				1DDD58150DA1D0A300B32029 /* English */,
			);
			name = MainMenu.xib;
			sourceTree = "<group>";
		};
/* End PBXVariantGroup section */

/* Begin XCBuildConfiguration section */
		C01FCF4B08A954540054247B /* Debug */ = {
			isa = XCBuildConfiguration;
			buildSettings = {
				ALWAYS_SEARCH_USER_PATHS = NO;
				COPY_PHASE_STRIP = NO;
				FRAMEWORK_SEARCH_PATHS = (
					"$(inherited)",
					"\"$(SRCROOT)/../../../Desktop/MTCoreAudio\"",
				);
				GCC_DYNAMIC_NO_PIC = NO;
				GCC_ENABLE_FIX_AND_CONTINUE = YES;
				GCC_MODEL_TUNING = G5;
				GCC_OPTIMIZATION_LEVEL = 0;
				GCC_PRECOMPILE_PREFIX_HEADER = YES;
				GCC_PREFIX_HEADER = EasyCapViewer_Prefix.pch;
				INFOPLIST_FILE = Info.plist;
				INSTALL_PATH = "$(HOME)/Applications";
				PRODUCT_NAME = EasyCapViewer;
			};
			name = Debug;
		};
		C01FCF4C08A954540054247B /* Release */ = {
			isa = XCBuildConfiguration;
			buildSettings = {
				ALWAYS_SEARCH_USER_PATHS = NO;
				DEBUG_INFORMATION_FORMAT = "dwarf-with-dsym";
				FRAMEWORK_SEARCH_PATHS = (
					"$(inherited)",
					"\"$(SRCROOT)/../../../Desktop/MTCoreAudio\"",
				);
				GCC_MODEL_TUNING = G5;
				GCC_PRECOMPILE_PREFIX_HEADER = YES;
				GCC_PREFIX_HEADER = EasyCapViewer_Prefix.pch;
				INFOPLIST_FILE = Info.plist;
				INSTALL_PATH = "$(HOME)/Applications";
				PRODUCT_NAME = EasyCapViewer;
			};
			name = Release;
		};
		C01FCF4F08A954540054247B /* Debug */ = {
			isa = XCBuildConfiguration;
			buildSettings = {
				ARCHS = "$(ARCHS_STANDARD_32_BIT)";
				GCC_C_LANGUAGE_STANDARD = c99;
				GCC_OPTIMIZATION_LEVEL = 0;
				GCC_VERSION = com.apple.compilers.llvm.clang.1_0;
				GCC_WARN_ABOUT_RETURN_TYPE = YES;
				GCC_WARN_UNUSED_VARIABLE = YES;
				MACOSX_DEPLOYMENT_TARGET = 10.5;
				ONLY_ACTIVE_ARCH = YES;
				PREBINDING = NO;
				SDKROOT = macosx10.6;
			};
			name = Debug;
		};
		C01FCF5008A954540054247B /* Release */ = {
			isa = XCBuildConfiguration;
			buildSettings = {
				ARCHS = "$(ARCHS_STANDARD_32_BIT)";
				GCC_AUTO_VECTORIZATION = YES;
				GCC_C_LANGUAGE_STANDARD = c99;
				GCC_VERSION = com.apple.compilers.llvm.clang.1_0;
				GCC_WARN_ABOUT_RETURN_TYPE = YES;
				GCC_WARN_UNUSED_VARIABLE = YES;
				MACOSX_DEPLOYMENT_TARGET = 10.5;
				PREBINDING = NO;
				SDKROOT = macosx10.6;
			};
			name = Release;
		};
/* End XCBuildConfiguration section */

/* Begin XCConfigurationList section */
		C01FCF4A08A954540054247B /* Build configuration list for PBXNativeTarget "EasyCapViewer" */ = {
			isa = XCConfigurationList;
			buildConfigurations = (
				C01FCF4B08A954540054247B /* Debug */,
				C01FCF4C08A954540054247B /* Release */,
			);
			defaultConfigurationIsVisible = 0;
			defaultConfigurationName = Release;
		};
		C01FCF4E08A954540054247B /* Build configuration list for PBXProject "EasyCapViewer" */ = {
			isa = XCConfigurationList;
			buildConfigurations = (
				C01FCF4F08A954540054247B /* Debug */,
				C01FCF5008A954540054247B /* Release */,
			);
			defaultConfigurationIsVisible = 0;
			defaultConfigurationName = Release;
		};
/* End XCConfigurationList section */
	};
	rootObject = 29B97313FDCFA39411CA2CEA /* Project object */;
}
