// !$*UTF8*$!
{
	archiveVersion = 1;
	classes = {
	};
	objectVersion = 45;
	objects = {

/* Begin PBXBuildFile section */
		0E053FF60FDF1FFD003688BB /* MPLWindow.m in Sources */ = {isa = PBXBuildFile; fileRef = 0E053FF40FDF1FFD003688BB /* MPLWindow.m */; };
		0E0AC921102030CE00C12D88 /* ECVVideoTrack.m in Sources */ = {isa = PBXBuildFile; fileRef = 0E0AC920102030CE00C12D88 /* ECVVideoTrack.m */; settings = {COMPILER_FLAGS = "-Wno-deprecated-declarations"; }; };
		0E0AC92410203FB300C12D88 /* QTKit.framework in Frameworks */ = {isa = PBXBuildFile; fileRef = 0E0AC92310203FB300C12D88 /* QTKit.framework */; };
		0E0ACAE71020993E00C12D88 /* ECVSoundTrack.m in Sources */ = {isa = PBXBuildFile; fileRef = 0E0ACAE61020993E00C12D88 /* ECVSoundTrack.m */; };
		0E26A9851003127B002FF95A /* ECVConfig.xib in Resources */ = {isa = PBXBuildFile; fileRef = 0E26A9831003127B002FF95A /* ECVConfig.xib */; };
		0E26A999100314E6002FF95A /* ECVConfigController.m in Sources */ = {isa = PBXBuildFile; fileRef = 0E26A998100314E6002FF95A /* ECVConfigController.m */; };
		0E26AA4510033FC4002FF95A /* Credits.rtf in Resources */ = {isa = PBXBuildFile; fileRef = 0E26AA4310033FC4002FF95A /* Credits.rtf */; };
		0E26AA97100346D1002FF95A /* Localizable.strings in Resources */ = {isa = PBXBuildFile; fileRef = 0E26AA95100346D1002FF95A /* Localizable.strings */; };
		0E7677A11021D82F001C583E /* ECVQTAdditions.m in Sources */ = {isa = PBXBuildFile; fileRef = 0E7677A01021D82F001C583E /* ECVQTAdditions.m */; };
		0E78C93E0FC8F98100E9C148 /* ECVCaptureController.m in Sources */ = {isa = PBXBuildFile; fileRef = 0E78C93D0FC8F98100E9C148 /* ECVCaptureController.m */; };
		0E78C9F30FC8FA1000E9C148 /* IOKit.framework in Frameworks */ = {isa = PBXBuildFile; fileRef = 0E78C9F20FC8FA1000E9C148 /* IOKit.framework */; };
		0E78CA320FC9055100E9C148 /* ECVCapture.xib in Resources */ = {isa = PBXBuildFile; fileRef = 0E78CA300FC9055100E9C148 /* ECVCapture.xib */; };
		0E78CA4F0FC9128000E9C148 /* ECVController.m in Sources */ = {isa = PBXBuildFile; fileRef = 0E78CA4E0FC9128000E9C148 /* ECVController.m */; };
		0E78CAAE0FC91B6500E9C148 /* ECVSTK1160Controller.m in Sources */ = {isa = PBXBuildFile; fileRef = 0E78CAAD0FC91B6500E9C148 /* ECVSTK1160Controller.m */; };
		0E78CB980FC92D8300E9C148 /* ECVDebug.m in Sources */ = {isa = PBXBuildFile; fileRef = 0E78CB970FC92D8300E9C148 /* ECVDebug.m */; };
		0E78CD850FC9F9E300E9C148 /* QuartzCore.framework in Frameworks */ = {isa = PBXBuildFile; fileRef = 0E78CD840FC9F9E300E9C148 /* QuartzCore.framework */; };
		0E78CDB50FC9F9EB00E9C148 /* OpenGL.framework in Frameworks */ = {isa = PBXBuildFile; fileRef = 0E78CDB40FC9F9EB00E9C148 /* OpenGL.framework */; };
		0E78CDC70FC9F9F100E9C148 /* Carbon.framework in Frameworks */ = {isa = PBXBuildFile; fileRef = 0E78CDC60FC9F9F100E9C148 /* Carbon.framework */; };
		0EC2D4EA0FDCE96500662DD8 /* QuickTime.framework in Frameworks */ = {isa = PBXBuildFile; fileRef = 0EC2D4E90FDCE96500662DD8 /* QuickTime.framework */; };
		0EC4C811103E9B5E00FCFCA0 /* ECVFrameReading.m in Sources */ = {isa = PBXBuildFile; fileRef = 0EC4C810103E9B5E00FCFCA0 /* ECVFrameReading.m */; };
		0EC7D342101903F200CFBDFF /* CoreAudio.framework in Frameworks */ = {isa = PBXBuildFile; fileRef = 0EC7D341101903F200CFBDFF /* CoreAudio.framework */; };
		0EC7D4A41019A29800CFBDFF /* AudioToolbox.framework in Frameworks */ = {isa = PBXBuildFile; fileRef = 0EC7D4A31019A29800CFBDFF /* AudioToolbox.framework */; };
		0EC7D4AC1019B60100CFBDFF /* ECVAudioPipe.m in Sources */ = {isa = PBXBuildFile; fileRef = 0EC7D4AB1019B60100CFBDFF /* ECVAudioPipe.m */; };
		0EC7D4AF1019B67600CFBDFF /* ECVAudioDevice.m in Sources */ = {isa = PBXBuildFile; fileRef = 0EC7D4AE1019B67600CFBDFF /* ECVAudioDevice.m */; };
		0EDF46C20FCE1B4F006630E1 /* stk11xx-dev-0408.m in Sources */ = {isa = PBXBuildFile; fileRef = 0E78CD4F0FC9F36000E9C148 /* stk11xx-dev-0408.m */; };
		0EEFA5C2103BB79A0038C135 /* ECVVideoView.m in Sources */ = {isa = PBXBuildFile; fileRef = 0EEFA5C1103BB79A0038C135 /* ECVVideoView.m */; };
		1DDD58160DA1D0A300B32029 /* MainMenu.xib in Resources */ = {isa = PBXBuildFile; fileRef = 1DDD58140DA1D0A300B32029 /* MainMenu.xib */; };
		8D11072B0486CEB800E47090 /* InfoPlist.strings in Resources */ = {isa = PBXBuildFile; fileRef = 089C165CFE840E0CC02AAC07 /* InfoPlist.strings */; };
		8D11072D0486CEB800E47090 /* main.m in Sources */ = {isa = PBXBuildFile; fileRef = 29B97316FDCFA39411CA2CEA /* main.m */; settings = {ATTRIBUTES = (); }; };
		8D11072F0486CEB800E47090 /* Cocoa.framework in Frameworks */ = {isa = PBXBuildFile; fileRef = 1058C7A1FEA54F0111CA2CBB /* Cocoa.framework */; };
/* End PBXBuildFile section */

/* Begin PBXCopyFilesBuildPhase section */
		0EB5348B101B3B2B000B7B2E /* CopyFiles */ = {
			isa = PBXCopyFilesBuildPhase;
			buildActionMask = 2147483647;
			dstPath = "";
			dstSubfolderSpec = 10;
			files = (
			);
			runOnlyForDeploymentPostprocessing = 0;
		};
/* End PBXCopyFilesBuildPhase section */

/* Begin PBXFileReference section */
		089C165DFE840E0CC02AAC07 /* English */ = {isa = PBXFileReference; fileEncoding = 10; lastKnownFileType = text.plist.strings; name = English; path = English.lproj/InfoPlist.strings; sourceTree = "<group>"; };
		0E053FF40FDF1FFD003688BB /* MPLWindow.m */ = {isa = PBXFileReference; fileEncoding = 4; lastKnownFileType = sourcecode.c.objc; path = MPLWindow.m; sourceTree = "<group>"; };
		0E053FF50FDF1FFD003688BB /* MPLWindow.h */ = {isa = PBXFileReference; fileEncoding = 4; lastKnownFileType = sourcecode.c.h; path = MPLWindow.h; sourceTree = "<group>"; };
		0E0AC91F102030CE00C12D88 /* ECVVideoTrack.h */ = {isa = PBXFileReference; fileEncoding = 4; lastKnownFileType = sourcecode.c.h; path = ECVVideoTrack.h; sourceTree = "<group>"; };
		0E0AC920102030CE00C12D88 /* ECVVideoTrack.m */ = {isa = PBXFileReference; fileEncoding = 4; lastKnownFileType = sourcecode.c.objc; path = ECVVideoTrack.m; sourceTree = "<group>"; };
		0E0AC92310203FB300C12D88 /* QTKit.framework */ = {isa = PBXFileReference; lastKnownFileType = wrapper.framework; name = QTKit.framework; path = System/Library/Frameworks/QTKit.framework; sourceTree = SDKROOT; };
		0E0ACAE51020993E00C12D88 /* ECVSoundTrack.h */ = {isa = PBXFileReference; fileEncoding = 4; lastKnownFileType = sourcecode.c.h; path = ECVSoundTrack.h; sourceTree = "<group>"; };
		0E0ACAE61020993E00C12D88 /* ECVSoundTrack.m */ = {isa = PBXFileReference; fileEncoding = 4; lastKnownFileType = sourcecode.c.objc; path = ECVSoundTrack.m; sourceTree = "<group>"; };
		0E26A9841003127B002FF95A /* English */ = {isa = PBXFileReference; lastKnownFileType = file.xib; name = English; path = English.lproj/ECVConfig.xib; sourceTree = "<group>"; };
		0E26A997100314E6002FF95A /* ECVConfigController.h */ = {isa = PBXFileReference; fileEncoding = 4; lastKnownFileType = sourcecode.c.h; path = ECVConfigController.h; sourceTree = "<group>"; };
		0E26A998100314E6002FF95A /* ECVConfigController.m */ = {isa = PBXFileReference; fileEncoding = 4; lastKnownFileType = sourcecode.c.objc; path = ECVConfigController.m; sourceTree = "<group>"; };
		0E26AA4410033FC4002FF95A /* English */ = {isa = PBXFileReference; lastKnownFileType = text.rtf; name = English; path = English.lproj/Credits.rtf; sourceTree = "<group>"; };
		0E26AA96100346D1002FF95A /* English */ = {isa = PBXFileReference; fileEncoding = 4; lastKnownFileType = text.plist.strings; name = English; path = English.lproj/Localizable.strings; sourceTree = "<group>"; };
		0E76779F1021D82F001C583E /* ECVQTAdditions.h */ = {isa = PBXFileReference; fileEncoding = 4; lastKnownFileType = sourcecode.c.h; path = ECVQTAdditions.h; sourceTree = "<group>"; };
		0E7677A01021D82F001C583E /* ECVQTAdditions.m */ = {isa = PBXFileReference; fileEncoding = 4; lastKnownFileType = sourcecode.c.objc; path = ECVQTAdditions.m; sourceTree = "<group>"; };
		0E78C93C0FC8F98100E9C148 /* ECVCaptureController.h */ = {isa = PBXFileReference; fileEncoding = 4; lastKnownFileType = sourcecode.c.h; path = ECVCaptureController.h; sourceTree = "<group>"; };
		0E78C93D0FC8F98100E9C148 /* ECVCaptureController.m */ = {isa = PBXFileReference; fileEncoding = 4; lastKnownFileType = sourcecode.c.objc; path = ECVCaptureController.m; sourceTree = "<group>"; };
		0E78C9F20FC8FA1000E9C148 /* IOKit.framework */ = {isa = PBXFileReference; lastKnownFileType = wrapper.framework; name = IOKit.framework; path = /System/Library/Frameworks/IOKit.framework; sourceTree = "<absolute>"; };
		0E78CA310FC9055100E9C148 /* English */ = {isa = PBXFileReference; lastKnownFileType = file.xib; name = English; path = English.lproj/ECVCapture.xib; sourceTree = "<group>"; };
		0E78CA4D0FC9128000E9C148 /* ECVController.h */ = {isa = PBXFileReference; fileEncoding = 4; lastKnownFileType = sourcecode.c.h; path = ECVController.h; sourceTree = "<group>"; };
		0E78CA4E0FC9128000E9C148 /* ECVController.m */ = {isa = PBXFileReference; fileEncoding = 4; lastKnownFileType = sourcecode.c.objc; path = ECVController.m; sourceTree = "<group>"; };
		0E78CAAC0FC91B6500E9C148 /* ECVSTK1160Controller.h */ = {isa = PBXFileReference; fileEncoding = 4; lastKnownFileType = sourcecode.c.h; path = ECVSTK1160Controller.h; sourceTree = "<group>"; };
		0E78CAAD0FC91B6500E9C148 /* ECVSTK1160Controller.m */ = {isa = PBXFileReference; fileEncoding = 4; lastKnownFileType = sourcecode.c.objc; path = ECVSTK1160Controller.m; sourceTree = "<group>"; };
		0E78CB960FC92D8300E9C148 /* ECVDebug.h */ = {isa = PBXFileReference; fileEncoding = 4; lastKnownFileType = sourcecode.c.h; path = ECVDebug.h; sourceTree = "<group>"; };
		0E78CB970FC92D8300E9C148 /* ECVDebug.m */ = {isa = PBXFileReference; fileEncoding = 4; lastKnownFileType = sourcecode.c.objc; path = ECVDebug.m; sourceTree = "<group>"; };
		0E78CD4F0FC9F36000E9C148 /* stk11xx-dev-0408.m */ = {isa = PBXFileReference; fileEncoding = 4; lastKnownFileType = sourcecode.c.objc; path = "stk11xx-dev-0408.m"; sourceTree = "<group>"; };
		0E78CD840FC9F9E300E9C148 /* QuartzCore.framework */ = {isa = PBXFileReference; lastKnownFileType = wrapper.framework; name = QuartzCore.framework; path = System/Library/Frameworks/QuartzCore.framework; sourceTree = SDKROOT; };
		0E78CDB40FC9F9EB00E9C148 /* OpenGL.framework */ = {isa = PBXFileReference; lastKnownFileType = wrapper.framework; name = OpenGL.framework; path = System/Library/Frameworks/OpenGL.framework; sourceTree = SDKROOT; };
		0E78CDC60FC9F9F100E9C148 /* Carbon.framework */ = {isa = PBXFileReference; lastKnownFileType = wrapper.framework; name = Carbon.framework; path = System/Library/Frameworks/Carbon.framework; sourceTree = SDKROOT; };
		0EC2D4E90FDCE96500662DD8 /* QuickTime.framework */ = {isa = PBXFileReference; lastKnownFileType = wrapper.framework; name = QuickTime.framework; path = /System/Library/Frameworks/QuickTime.framework; sourceTree = "<absolute>"; };
		0EC4C80F103E9B5E00FCFCA0 /* ECVFrameReading.h */ = {isa = PBXFileReference; fileEncoding = 4; lastKnownFileType = sourcecode.c.h; path = ECVFrameReading.h; sourceTree = "<group>"; };
		0EC4C810103E9B5E00FCFCA0 /* ECVFrameReading.m */ = {isa = PBXFileReference; fileEncoding = 4; lastKnownFileType = sourcecode.c.objc; path = ECVFrameReading.m; sourceTree = "<group>"; };
		0EC7D341101903F200CFBDFF /* CoreAudio.framework */ = {isa = PBXFileReference; lastKnownFileType = wrapper.framework; name = CoreAudio.framework; path = System/Library/Frameworks/CoreAudio.framework; sourceTree = SDKROOT; };
		0EC7D4A31019A29800CFBDFF /* AudioToolbox.framework */ = {isa = PBXFileReference; lastKnownFileType = wrapper.framework; name = AudioToolbox.framework; path = System/Library/Frameworks/AudioToolbox.framework; sourceTree = SDKROOT; };
		0EC7D4AA1019B60100CFBDFF /* ECVAudioPipe.h */ = {isa = PBXFileReference; fileEncoding = 4; lastKnownFileType = sourcecode.c.h; path = ECVAudioPipe.h; sourceTree = "<group>"; };
		0EC7D4AB1019B60100CFBDFF /* ECVAudioPipe.m */ = {isa = PBXFileReference; fileEncoding = 4; lastKnownFileType = sourcecode.c.objc; path = ECVAudioPipe.m; sourceTree = "<group>"; };
		0EC7D4AD1019B67600CFBDFF /* ECVAudioDevice.h */ = {isa = PBXFileReference; fileEncoding = 4; lastKnownFileType = sourcecode.c.h; path = ECVAudioDevice.h; sourceTree = "<group>"; };
		0EC7D4AE1019B67600CFBDFF /* ECVAudioDevice.m */ = {isa = PBXFileReference; fileEncoding = 4; lastKnownFileType = sourcecode.c.objc; path = ECVAudioDevice.m; sourceTree = "<group>"; };
		0EDF451A0FCD2167006630E1 /* stk11xx.h */ = {isa = PBXFileReference; fileEncoding = 4; lastKnownFileType = sourcecode.c.h; path = stk11xx.h; sourceTree = "<group>"; };
		0EEFA5C0103BB79A0038C135 /* ECVVideoView.h */ = {isa = PBXFileReference; fileEncoding = 4; lastKnownFileType = sourcecode.c.h; path = ECVVideoView.h; sourceTree = "<group>"; };
		0EEFA5C1103BB79A0038C135 /* ECVVideoView.m */ = {isa = PBXFileReference; fileEncoding = 4; lastKnownFileType = sourcecode.c.objc; path = ECVVideoView.m; sourceTree = "<group>"; };
		1058C7A1FEA54F0111CA2CBB /* Cocoa.framework */ = {isa = PBXFileReference; lastKnownFileType = wrapper.framework; name = Cocoa.framework; path = /System/Library/Frameworks/Cocoa.framework; sourceTree = "<absolute>"; };
		13E42FB307B3F0F600E4EEF1 /* CoreData.framework */ = {isa = PBXFileReference; lastKnownFileType = wrapper.framework; name = CoreData.framework; path = /System/Library/Frameworks/CoreData.framework; sourceTree = "<absolute>"; };
		1DDD58150DA1D0A300B32029 /* English */ = {isa = PBXFileReference; lastKnownFileType = file.xib; name = English; path = English.lproj/MainMenu.xib; sourceTree = "<group>"; };
		29B97316FDCFA39411CA2CEA /* main.m */ = {isa = PBXFileReference; fileEncoding = 4; lastKnownFileType = sourcecode.c.objc; path = main.m; sourceTree = "<group>"; };
		29B97324FDCFA39411CA2CEA /* AppKit.framework */ = {isa = PBXFileReference; lastKnownFileType = wrapper.framework; name = AppKit.framework; path = /System/Library/Frameworks/AppKit.framework; sourceTree = "<absolute>"; };
		29B97325FDCFA39411CA2CEA /* Foundation.framework */ = {isa = PBXFileReference; lastKnownFileType = wrapper.framework; name = Foundation.framework; path = /System/Library/Frameworks/Foundation.framework; sourceTree = "<absolute>"; };
		32CA4F630368D1EE00C91783 /* EasyCapViewer_Prefix.pch */ = {isa = PBXFileReference; fileEncoding = 4; lastKnownFileType = sourcecode.c.h; path = EasyCapViewer_Prefix.pch; sourceTree = "<group>"; };
		8D1107310486CEB800E47090 /* Info.plist */ = {isa = PBXFileReference; fileEncoding = 4; lastKnownFileType = text.plist.xml; path = Info.plist; sourceTree = "<group>"; };
		8D1107320486CEB800E47090 /* EasyCapViewer.app */ = {isa = PBXFileReference; explicitFileType = wrapper.application; includeInIndex = 0; path = EasyCapViewer.app; sourceTree = BUILT_PRODUCTS_DIR; };
/* End PBXFileReference section */

/* Begin PBXFrameworksBuildPhase section */
		8D11072E0486CEB800E47090 /* Frameworks */ = {
			isa = PBXFrameworksBuildPhase;
			buildActionMask = 2147483647;
			files = (
				8D11072F0486CEB800E47090 /* Cocoa.framework in Frameworks */,
				0E78C9F30FC8FA1000E9C148 /* IOKit.framework in Frameworks */,
				0E78CD850FC9F9E300E9C148 /* QuartzCore.framework in Frameworks */,
				0E78CDB50FC9F9EB00E9C148 /* OpenGL.framework in Frameworks */,
				0E78CDC70FC9F9F100E9C148 /* Carbon.framework in Frameworks */,
				0EC2D4EA0FDCE96500662DD8 /* QuickTime.framework in Frameworks */,
				0EC7D342101903F200CFBDFF /* CoreAudio.framework in Frameworks */,
				0EC7D4A41019A29800CFBDFF /* AudioToolbox.framework in Frameworks */,
				0E0AC92410203FB300C12D88 /* QTKit.framework in Frameworks */,
			);
			runOnlyForDeploymentPostprocessing = 0;
		};
/* End PBXFrameworksBuildPhase section */

/* Begin PBXGroup section */
		080E96DDFE201D6D7F000001 /* Controllers */ = {
			isa = PBXGroup;
			children = (
				0E78CA4D0FC9128000E9C148 /* ECVController.h */,
				0E78CA4E0FC9128000E9C148 /* ECVController.m */,
				0E78C93C0FC8F98100E9C148 /* ECVCaptureController.h */,
				0E78C93D0FC8F98100E9C148 /* ECVCaptureController.m */,
				0E78CD500FC9F8E500E9C148 /* STK1160 */,
				0E26A997100314E6002FF95A /* ECVConfigController.h */,
				0E26A998100314E6002FF95A /* ECVConfigController.m */,
			);
			name = Controllers;
			sourceTree = "<group>";
		};
		0E78CD500FC9F8E500E9C148 /* STK1160 */ = {
			isa = PBXGroup;
			children = (
				0E78CAAC0FC91B6500E9C148 /* ECVSTK1160Controller.h */,
				0E78CAAD0FC91B6500E9C148 /* ECVSTK1160Controller.m */,
				0EDF451A0FCD2167006630E1 /* stk11xx.h */,
				0E78CD4F0FC9F36000E9C148 /* stk11xx-dev-0408.m */,
			);
			name = STK1160;
			sourceTree = "<group>";
		};
		0E78CE870FC9FA5F00E9C148 /* Views */ = {
			isa = PBXGroup;
			children = (
				0E053FF50FDF1FFD003688BB /* MPLWindow.h */,
				0E053FF40FDF1FFD003688BB /* MPLWindow.m */,
				0EEFA5C0103BB79A0038C135 /* ECVVideoView.h */,
				0EEFA5C1103BB79A0038C135 /* ECVVideoView.m */,
			);
			name = Views;
			sourceTree = "<group>";
		};
		1058C7A0FEA54F0111CA2CBB /* Linked Frameworks */ = {
			isa = PBXGroup;
			children = (
				0EC7D4A31019A29800CFBDFF /* AudioToolbox.framework */,
				0E78CDC60FC9F9F100E9C148 /* Carbon.framework */,
				1058C7A1FEA54F0111CA2CBB /* Cocoa.framework */,
				0EC7D341101903F200CFBDFF /* CoreAudio.framework */,
				0E78C9F20FC8FA1000E9C148 /* IOKit.framework */,
				0E78CD840FC9F9E300E9C148 /* QuartzCore.framework */,
				0E78CDB40FC9F9EB00E9C148 /* OpenGL.framework */,
				0E0AC92310203FB300C12D88 /* QTKit.framework */,
				0EC2D4E90FDCE96500662DD8 /* QuickTime.framework */,
			);
			name = "Linked Frameworks";
			sourceTree = "<group>";
		};
		1058C7A2FEA54F0111CA2CBB /* Other Frameworks */ = {
			isa = PBXGroup;
			children = (
				29B97324FDCFA39411CA2CEA /* AppKit.framework */,
				13E42FB307B3F0F600E4EEF1 /* CoreData.framework */,
				29B97325FDCFA39411CA2CEA /* Foundation.framework */,
			);
			name = "Other Frameworks";
			sourceTree = "<group>";
		};
		19C28FACFE9D520D11CA2CBB /* Products */ = {
			isa = PBXGroup;
			children = (
				8D1107320486CEB800E47090 /* EasyCapViewer.app */,
			);
			name = Products;
			sourceTree = "<group>";
		};
		29B97314FDCFA39411CA2CEA /* EasyCapViewer */ = {
			isa = PBXGroup;
			children = (
				0E78CE870FC9FA5F00E9C148 /* Views */,
				080E96DDFE201D6D7F000001 /* Controllers */,
				29B97315FDCFA39411CA2CEA /* Other Sources */,
				29B97317FDCFA39411CA2CEA /* Resources */,
				29B97323FDCFA39411CA2CEA /* Frameworks */,
				19C28FACFE9D520D11CA2CBB /* Products */,
			);
			name = EasyCapViewer;
			sourceTree = "<group>";
		};
		29B97315FDCFA39411CA2CEA /* Other Sources */ = {
			isa = PBXGroup;
			children = (
				29B97316FDCFA39411CA2CEA /* main.m */,
				32CA4F630368D1EE00C91783 /* EasyCapViewer_Prefix.pch */,
				0EC7D4AD1019B67600CFBDFF /* ECVAudioDevice.h */,
				0EC7D4AE1019B67600CFBDFF /* ECVAudioDevice.m */,
				0EC7D4AA1019B60100CFBDFF /* ECVAudioPipe.h */,
				0EC7D4AB1019B60100CFBDFF /* ECVAudioPipe.m */,
				0E78CB960FC92D8300E9C148 /* ECVDebug.h */,
				0E78CB970FC92D8300E9C148 /* ECVDebug.m */,
				0EC4C80F103E9B5E00FCFCA0 /* ECVFrameReading.h */,
				0EC4C810103E9B5E00FCFCA0 /* ECVFrameReading.m */,
				0E0ACAE51020993E00C12D88 /* ECVSoundTrack.h */,
				0E0ACAE61020993E00C12D88 /* ECVSoundTrack.m */,
				0E76779F1021D82F001C583E /* ECVQTAdditions.h */,
				0E7677A01021D82F001C583E /* ECVQTAdditions.m */,
				0E0AC91F102030CE00C12D88 /* ECVVideoTrack.h */,
				0E0AC920102030CE00C12D88 /* ECVVideoTrack.m */,
			);
			name = "Other Sources";
			sourceTree = "<group>";
		};
		29B97317FDCFA39411CA2CEA /* Resources */ = {
			isa = PBXGroup;
			children = (
				8D1107310486CEB800E47090 /* Info.plist */,
				089C165CFE840E0CC02AAC07 /* InfoPlist.strings */,
				0E26AA95100346D1002FF95A /* Localizable.strings */,
				0E26AA4310033FC4002FF95A /* Credits.rtf */,
				1DDD58140DA1D0A300B32029 /* MainMenu.xib */,
				0E78CA300FC9055100E9C148 /* ECVCapture.xib */,
				0E26A9831003127B002FF95A /* ECVConfig.xib */,
			);
			name = Resources;
			sourceTree = "<group>";
		};
		29B97323FDCFA39411CA2CEA /* Frameworks */ = {
			isa = PBXGroup;
			children = (
				1058C7A0FEA54F0111CA2CBB /* Linked Frameworks */,
				1058C7A2FEA54F0111CA2CBB /* Other Frameworks */,
			);
			name = Frameworks;
			sourceTree = "<group>";
		};
/* End PBXGroup section */

/* Begin PBXNativeTarget section */
		8D1107260486CEB800E47090 /* EasyCapViewer */ = {
			isa = PBXNativeTarget;
			buildConfigurationList = C01FCF4A08A954540054247B /* Build configuration list for PBXNativeTarget "EasyCapViewer" */;
			buildPhases = (
				8D1107290486CEB800E47090 /* Resources */,
				8D11072C0486CEB800E47090 /* Sources */,
				0EB5348B101B3B2B000B7B2E /* CopyFiles */,
				8D11072E0486CEB800E47090 /* Frameworks */,
			);
			buildRules = (
			);
			dependencies = (
			);
			name = EasyCapViewer;
			productInstallPath = "$(HOME)/Applications";
			productName = EasyCapViewer;
			productReference = 8D1107320486CEB800E47090 /* EasyCapViewer.app */;
			productType = "com.apple.product-type.application";
		};
/* End PBXNativeTarget section */

/* Begin PBXProject section */
		29B97313FDCFA39411CA2CEA /* Project object */ = {
			isa = PBXProject;
			buildConfigurationList = C01FCF4E08A954540054247B /* Build configuration list for PBXProject "EasyCapViewer" */;
			compatibilityVersion = "Xcode 3.1";
			hasScannedForEncodings = 1;
			mainGroup = 29B97314FDCFA39411CA2CEA /* EasyCapViewer */;
			projectDirPath = "";
			projectRoot = "";
			targets = (
				8D1107260486CEB800E47090 /* EasyCapViewer */,
			);
		};
/* End PBXProject section */

/* Begin PBXResourcesBuildPhase section */
		8D1107290486CEB800E47090 /* Resources */ = {
			isa = PBXResourcesBuildPhase;
			buildActionMask = 2147483647;
			files = (
				8D11072B0486CEB800E47090 /* InfoPlist.strings in Resources */,
				1DDD58160DA1D0A300B32029 /* MainMenu.xib in Resources */,
				0E78CA320FC9055100E9C148 /* ECVCapture.xib in Resources */,
				0E26A9851003127B002FF95A /* ECVConfig.xib in Resources */,
				0E26AA4510033FC4002FF95A /* Credits.rtf in Resources */,
				0E26AA97100346D1002FF95A /* Localizable.strings in Resources */,
			);
			runOnlyForDeploymentPostprocessing = 0;
		};
/* End PBXResourcesBuildPhase section */

/* Begin PBXSourcesBuildPhase section */
		8D11072C0486CEB800E47090 /* Sources */ = {
			isa = PBXSourcesBuildPhase;
			buildActionMask = 2147483647;
			files = (
				8D11072D0486CEB800E47090 /* main.m in Sources */,
				0E78C93E0FC8F98100E9C148 /* ECVCaptureController.m in Sources */,
				0E78CA4F0FC9128000E9C148 /* ECVController.m in Sources */,
				0E78CAAE0FC91B6500E9C148 /* ECVSTK1160Controller.m in Sources */,
				0E78CB980FC92D8300E9C148 /* ECVDebug.m in Sources */,
				0EDF46C20FCE1B4F006630E1 /* stk11xx-dev-0408.m in Sources */,
				0E053FF60FDF1FFD003688BB /* MPLWindow.m in Sources */,
				0E26A999100314E6002FF95A /* ECVConfigController.m in Sources */,
				0EC7D4AC1019B60100CFBDFF /* ECVAudioPipe.m in Sources */,
				0EC7D4AF1019B67600CFBDFF /* ECVAudioDevice.m in Sources */,
				0E0AC921102030CE00C12D88 /* ECVVideoTrack.m in Sources */,
				0E0ACAE71020993E00C12D88 /* ECVSoundTrack.m in Sources */,
				0E7677A11021D82F001C583E /* ECVQTAdditions.m in Sources */,
				0EEFA5C2103BB79A0038C135 /* ECVVideoView.m in Sources */,
				0EC4C811103E9B5E00FCFCA0 /* ECVFrameReading.m in Sources */,
			);
			runOnlyForDeploymentPostprocessing = 0;
		};
/* End PBXSourcesBuildPhase section */

/* Begin PBXVariantGroup section */
		089C165CFE840E0CC02AAC07 /* InfoPlist.strings */ = {
			isa = PBXVariantGroup;
			children = (
				089C165DFE840E0CC02AAC07 /* English */,
			);
			name = InfoPlist.strings;
			sourceTree = "<group>";
		};
		0E26A9831003127B002FF95A /* ECVConfig.xib */ = {
			isa = PBXVariantGroup;
			children = (
				0E26A9841003127B002FF95A /* English */,
			);
			name = ECVConfig.xib;
			sourceTree = "<group>";
		};
		0E26AA4310033FC4002FF95A /* Credits.rtf */ = {
			isa = PBXVariantGroup;
			children = (
				0E26AA4410033FC4002FF95A /* English */,
			);
			name = Credits.rtf;
			sourceTree = "<group>";
		};
		0E26AA95100346D1002FF95A /* Localizable.strings */ = {
			isa = PBXVariantGroup;
			children = (
				0E26AA96100346D1002FF95A /* English */,
			);
			name = Localizable.strings;
			sourceTree = "<group>";
		};
		0E78CA300FC9055100E9C148 /* ECVCapture.xib */ = {
			isa = PBXVariantGroup;
			children = (
				0E78CA310FC9055100E9C148 /* English */,
			);
			name = ECVCapture.xib;
			sourceTree = "<group>";
		};
		1DDD58140DA1D0A300B32029 /* MainMenu.xib */ = {
			isa = PBXVariantGroup;
			children = (
				1DDD58150DA1D0A300B32029 /* English */,
			);
			name = MainMenu.xib;
			sourceTree = "<group>";
		};
/* End PBXVariantGroup section */

/* Begin XCBuildConfiguration section */
		C01FCF4B08A954540054247B /* Debug */ = {
			isa = XCBuildConfiguration;
			buildSettings = {
				ALWAYS_SEARCH_USER_PATHS = NO;
				COPY_PHASE_STRIP = NO;
				FRAMEWORK_SEARCH_PATHS = (
					"$(inherited)",
					"\"$(SRCROOT)/../../../Desktop/MTCoreAudio\"",
				);
				GCC_DYNAMIC_NO_PIC = NO;
				GCC_ENABLE_FIX_AND_CONTINUE = YES;
				GCC_MODEL_TUNING = G5;
				GCC_OPTIMIZATION_LEVEL = 0;
				GCC_PRECOMPILE_PREFIX_HEADER = YES;
				GCC_PREFIX_HEADER = EasyCapViewer_Prefix.pch;
				INFOPLIST_FILE = Info.plist;
				INSTALL_PATH = "$(HOME)/Applications";
				PRODUCT_NAME = EasyCapViewer;
			};
			name = Debug;
		};
		C01FCF4C08A954540054247B /* Release */ = {
			isa = XCBuildConfiguration;
			buildSettings = {
				ALWAYS_SEARCH_USER_PATHS = NO;
				DEBUG_INFORMATION_FORMAT = "dwarf-with-dsym";
				FRAMEWORK_SEARCH_PATHS = (
					"$(inherited)",
					"\"$(SRCROOT)/../../../Desktop/MTCoreAudio\"",
				);
				GCC_MODEL_TUNING = G5;
				GCC_PRECOMPILE_PREFIX_HEADER = YES;
				GCC_PREFIX_HEADER = EasyCapViewer_Prefix.pch;
				INFOPLIST_FILE = Info.plist;
				INSTALL_PATH = "$(HOME)/Applications";
				PRODUCT_NAME = EasyCapViewer;
			};
			name = Release;
		};
		C01FCF4F08A954540054247B /* Debug */ = {
			isa = XCBuildConfiguration;
			buildSettings = {
				ARCHS = "$(ARCHS_STANDARD_32_BIT)";
				GCC_C_LANGUAGE_STANDARD = c99;
				GCC_OPTIMIZATION_LEVEL = 0;
				GCC_VERSION = com.apple.compilers.llvm.clang.1_0;
				GCC_WARN_ABOUT_RETURN_TYPE = YES;
				GCC_WARN_UNUSED_VARIABLE = YES;
				MACOSX_DEPLOYMENT_TARGET = 10.5;
				ONLY_ACTIVE_ARCH = YES;
				PREBINDING = NO;
				SDKROOT = macosx10.6;
			};
			name = Debug;
		};
		C01FCF5008A954540054247B /* Release */ = {
			isa = XCBuildConfiguration;
			buildSettings = {
				ARCHS = "$(ARCHS_STANDARD_32_BIT)";
				GCC_AUTO_VECTORIZATION = YES;
				GCC_C_LANGUAGE_STANDARD = c99;
				GCC_VERSION = com.apple.compilers.llvm.clang.1_0;
				GCC_WARN_ABOUT_RETURN_TYPE = YES;
				GCC_WARN_UNUSED_VARIABLE = YES;
				MACOSX_DEPLOYMENT_TARGET = 10.5;
				PREBINDING = NO;
				SDKROOT = macosx10.6;
			};
			name = Release;
		};
/* End XCBuildConfiguration section */

/* Begin XCConfigurationList section */
		C01FCF4A08A954540054247B /* Build configuration list for PBXNativeTarget "EasyCapViewer" */ = {
			isa = XCConfigurationList;
			buildConfigurations = (
				C01FCF4B08A954540054247B /* Debug */,
				C01FCF4C08A954540054247B /* Release */,
			);
			defaultConfigurationIsVisible = 0;
			defaultConfigurationName = Release;
		};
		C01FCF4E08A954540054247B /* Build configuration list for PBXProject "EasyCapViewer" */ = {
			isa = XCConfigurationList;
			buildConfigurations = (
				C01FCF4F08A954540054247B /* Debug */,
				C01FCF5008A954540054247B /* Release */,
			);
			defaultConfigurationIsVisible = 0;
			defaultConfigurationName = Release;
		};
/* End XCConfigurationList section */
	};
	rootObject = 29B97313FDCFA39411CA2CEA /* Project object */;
}
