// !$*UTF8*$!
{
	archiveVersion = 1;
	classes = {
	};
	objectVersion = 45;
	objects = {

/* Begin PBXAggregateTarget section */
		0E982B5E1134665B0062A2C8 /* Everything */ = {
			isa = PBXAggregateTarget;
			buildConfigurationList = 0E982B7F113466900062A2C8 /* Build configuration list for PBXAggregateTarget "Everything" */;
			buildPhases = (
			);
			dependencies = (
				0E982B621134665F0062A2C8 /* PBXTargetDependency */,
				0E982B64113466620062A2C8 /* PBXTargetDependency */,
			);
			name = Everything;
			productName = Everything;
		};
/* End PBXAggregateTarget section */

/* Begin PBXBuildFile section */
		0E053FF60FDF1FFD003688BB /* MPLWindow.m in Sources */ = {isa = PBXBuildFile; fileRef = 0E053FF40FDF1FFD003688BB /* MPLWindow.m */; };
		0E0AC92410203FB300C12D88 /* QTKit.framework in Frameworks */ = {isa = PBXBuildFile; fileRef = 0E0AC92310203FB300C12D88 /* QTKit.framework */; };
		0E0C489D10B91DC2008731F2 /* ECVMovieRecorder.m in Sources */ = {isa = PBXBuildFile; fileRef = 0E0C489C10B91DC2008731F2 /* ECVMovieRecorder.m */; };
		0E16F6AE10AE92C600730A18 /* SAA711XChip.m in Sources */ = {isa = PBXBuildFile; fileRef = 0E16F6AD10AE92C600730A18 /* SAA711XChip.m */; };
		0E26A999100314E6002FF95A /* ECVConfigController.m in Sources */ = {isa = PBXBuildFile; fileRef = 0E26A998100314E6002FF95A /* ECVConfigController.m */; };
		0E2C230B10AF91C6001B40EF /* ECVVideoFrame.m in Sources */ = {isa = PBXBuildFile; fileRef = 0E2C230A10AF91C6001B40EF /* ECVVideoFrame.m */; };
		0E2C232810AF96A6001B40EF /* ECVVideoStorage.m in Sources */ = {isa = PBXBuildFile; fileRef = 0E2C232710AF96A6001B40EF /* ECVVideoStorage.m */; };
		0E3B7BF21108CC2C003A8A39 /* ECVComponent.r in Rez */ = {isa = PBXBuildFile; fileRef = 0E3B7BF11108CC2C003A8A39 /* ECVComponent.r */; };
		0E3B7F8B11091253003A8A39 /* InfoPlist.strings in Resources */ = {isa = PBXBuildFile; fileRef = 0E9F9B3310F679A400935C48 /* InfoPlist.strings */; };
		0E4D75C511044A7A00FE3DDC /* Cocoa.framework in Frameworks */ = {isa = PBXBuildFile; fileRef = 1058C7A1FEA54F0111CA2CBB /* Cocoa.framework */; };
		0E4D75E911044A8400FE3DDC /* QuickTime.framework in Frameworks */ = {isa = PBXBuildFile; fileRef = 0EE548391071019600F003AF /* QuickTime.framework */; };
		0E4D76A311044A9100FE3DDC /* Carbon.framework in Frameworks */ = {isa = PBXBuildFile; fileRef = 0E9F5E621085D06F00375752 /* Carbon.framework */; };
		0E4D76CC110454E100FE3DDC /* ECVComponent.m in Sources */ = {isa = PBXBuildFile; fileRef = 0E4D76CA110454C000FE3DDC /* ECVComponent.m */; };
		0E4D76D711046C2500FE3DDC /* IOKit.framework in Frameworks */ = {isa = PBXBuildFile; fileRef = 0E78C9F20FC8FA1000E9C148 /* IOKit.framework */; };
		0E4D778711046F9E00FE3DDC /* EasyCapViewer.m in Sources */ = {isa = PBXBuildFile; fileRef = 0E4D778611046F9E00FE3DDC /* EasyCapViewer.m */; };
		0E4D77FF11062C6200FE3DDC /* ECVSTK1160Device.m in Sources */ = {isa = PBXBuildFile; fileRef = 0E78CAAD0FC91B6500E9C148 /* ECVSTK1160Device.m */; };
		0E4D780011062C6600FE3DDC /* stk11xx-dev-0408.m in Sources */ = {isa = PBXBuildFile; fileRef = 0E78CD4F0FC9F36000E9C148 /* stk11xx-dev-0408.m */; };
		0E4D780111062C6900FE3DDC /* SAA711XChip.m in Sources */ = {isa = PBXBuildFile; fileRef = 0E16F6AD10AE92C600730A18 /* SAA711XChip.m */; };
		0E4D783D1106772000FE3DDC /* ECVCaptureDevice.m in Sources */ = {isa = PBXBuildFile; fileRef = 0EB070DC10B0992400B9575B /* ECVCaptureDevice.m */; };
		0E78C93E0FC8F98100E9C148 /* ECVCaptureController.m in Sources */ = {isa = PBXBuildFile; fileRef = 0E78C93D0FC8F98100E9C148 /* ECVCaptureController.m */; };
		0E78C9F30FC8FA1000E9C148 /* IOKit.framework in Frameworks */ = {isa = PBXBuildFile; fileRef = 0E78C9F20FC8FA1000E9C148 /* IOKit.framework */; };
		0E78CA4F0FC9128000E9C148 /* ECVController.m in Sources */ = {isa = PBXBuildFile; fileRef = 0E78CA4E0FC9128000E9C148 /* ECVController.m */; };
		0E78CAAE0FC91B6500E9C148 /* ECVSTK1160Device.m in Sources */ = {isa = PBXBuildFile; fileRef = 0E78CAAD0FC91B6500E9C148 /* ECVSTK1160Device.m */; };
		0E78CB980FC92D8300E9C148 /* ECVDebug.m in Sources */ = {isa = PBXBuildFile; fileRef = 0E78CB970FC92D8300E9C148 /* ECVDebug.m */; };
		0E78CD850FC9F9E300E9C148 /* QuartzCore.framework in Frameworks */ = {isa = PBXBuildFile; fileRef = 0E78CD840FC9F9E300E9C148 /* QuartzCore.framework */; };
		0E78CDB50FC9F9EB00E9C148 /* OpenGL.framework in Frameworks */ = {isa = PBXBuildFile; fileRef = 0E78CDB40FC9F9EB00E9C148 /* OpenGL.framework */; };
		0E7FFC0010899578000C8217 /* vecLib.framework in Frameworks */ = {isa = PBXBuildFile; fileRef = 0E7FFBFF10899578000C8217 /* vecLib.framework */; };
		0E7FFC4510899D4B000C8217 /* ECVDividerView.m in Sources */ = {isa = PBXBuildFile; fileRef = 0E7FFC4410899D4B000C8217 /* ECVDividerView.m */; };
		0E7FFD1B1089CEE0000C8217 /* ECVPlayButtonCell.m in Sources */ = {isa = PBXBuildFile; fileRef = 0E7FFD1A1089CEE0000C8217 /* ECVPlayButtonCell.m */; };
		0E7FFD1E1089D60A000C8217 /* ECVCropCell.m in Sources */ = {isa = PBXBuildFile; fileRef = 0E7FFD1D1089D60A000C8217 /* ECVCropCell.m */; };
		0E7FFD211089D651000C8217 /* ECVOpenGLAdditions.m in Sources */ = {isa = PBXBuildFile; fileRef = 0E7FFD201089D651000C8217 /* ECVOpenGLAdditions.m */; };
		0E89833F10C2D740006BA9C6 /* ECVReadWriteLock.m in Sources */ = {isa = PBXBuildFile; fileRef = 0E89833E10C2D740006BA9C6 /* ECVReadWriteLock.m */; };
		0E8CE0CC107BCE12004F05A7 /* ECVHUDPopUpButtonCell.m in Sources */ = {isa = PBXBuildFile; fileRef = 0E8CE0CB107BCE12004F05A7 /* ECVHUDPopUpButtonCell.m */; };
		0E8CE155107BE51C004F05A7 /* ECVAppKitAdditions.m in Sources */ = {isa = PBXBuildFile; fileRef = 0E8CE154107BE51C004F05A7 /* ECVAppKitAdditions.m */; };
		0E8CE1D1107BE953004F05A7 /* ECVHUDSliderCell.m in Sources */ = {isa = PBXBuildFile; fileRef = 0E8CE1D0107BE953004F05A7 /* ECVHUDSliderCell.m */; };
		0E8CE218107BF845004F05A7 /* ECVTickMarkView.m in Sources */ = {isa = PBXBuildFile; fileRef = 0E8CE217107BF845004F05A7 /* ECVTickMarkView.m */; };
		0E984D6B108C65D100CB469C /* ECVErrorLogController.m in Sources */ = {isa = PBXBuildFile; fileRef = 0E984D6A108C65D100CB469C /* ECVErrorLogController.m */; };
		0E984E21108C7F3D00CB469C /* Log-Clear.png in Resources */ = {isa = PBXBuildFile; fileRef = 0E984E20108C7F3D00CB469C /* Log-Clear.png */; };
		0E9F5E631085D06F00375752 /* Carbon.framework in Frameworks */ = {isa = PBXBuildFile; fileRef = 0E9F5E621085D06F00375752 /* Carbon.framework */; };
		0E9F9B1D10F6753C00935C48 /* ECVLocalizing.m in Sources */ = {isa = PBXBuildFile; fileRef = 0E9F9B1C10F6753C00935C48 /* ECVLocalizing.m */; };
		0E9F9B2210F6764500935C48 /* ECVFoundationAdditions.m in Sources */ = {isa = PBXBuildFile; fileRef = 0E9F9B2110F6764500935C48 /* ECVFoundationAdditions.m */; };
		0E9F9B3710F679A400935C48 /* Credits.rtf in Resources */ = {isa = PBXBuildFile; fileRef = 0E9F9B2910F679A400935C48 /* Credits.rtf */; };
		0E9F9B3810F679A400935C48 /* ECVCapture.strings in Resources */ = {isa = PBXBuildFile; fileRef = 0E9F9B2B10F679A400935C48 /* ECVCapture.strings */; };
		0E9F9B3910F679A400935C48 /* ECVConfig.strings in Resources */ = {isa = PBXBuildFile; fileRef = 0E9F9B2D10F679A400935C48 /* ECVConfig.strings */; };
		0E9F9B3A10F679A400935C48 /* ECVErrorLog.strings in Resources */ = {isa = PBXBuildFile; fileRef = 0E9F9B2F10F679A400935C48 /* ECVErrorLog.strings */; };
		0E9F9B3B10F679A400935C48 /* ECVMenu.strings in Resources */ = {isa = PBXBuildFile; fileRef = 0E9F9B3110F679A400935C48 /* ECVMenu.strings */; };
		0E9F9B3C10F679A400935C48 /* InfoPlist.strings in Resources */ = {isa = PBXBuildFile; fileRef = 0E9F9B3310F679A400935C48 /* InfoPlist.strings */; };
		0E9F9B3D10F679A400935C48 /* Localizable.strings in Resources */ = {isa = PBXBuildFile; fileRef = 0E9F9B3510F679A400935C48 /* Localizable.strings */; };
		0E9F9B4210F679B800935C48 /* ECVCapture.xib in Resources */ = {isa = PBXBuildFile; fileRef = 0E9F9B3E10F679B800935C48 /* ECVCapture.xib */; };
		0E9F9B4310F679B800935C48 /* ECVConfig.xib in Resources */ = {isa = PBXBuildFile; fileRef = 0E9F9B3F10F679B800935C48 /* ECVConfig.xib */; };
		0E9F9B4410F679B800935C48 /* ECVErrorLog.xib in Resources */ = {isa = PBXBuildFile; fileRef = 0E9F9B4010F679B800935C48 /* ECVErrorLog.xib */; };
		0E9F9B4510F679B800935C48 /* ECVMenu.xib in Resources */ = {isa = PBXBuildFile; fileRef = 0E9F9B4110F679B800935C48 /* ECVMenu.xib */; };
		0E9FAA861107A5A7005C55CE /* ECVDevices.plist in Resources */ = {isa = PBXBuildFile; fileRef = 0E9FAA851107A5A7005C55CE /* ECVDevices.plist */; };
		0E9FAA871107A662005C55CE /* ECVDevices.plist in Resources */ = {isa = PBXBuildFile; fileRef = 0E9FAA851107A5A7005C55CE /* ECVDevices.plist */; };
		0E9FAABE1107B135005C55CE /* ECVVideoStorage.m in Sources */ = {isa = PBXBuildFile; fileRef = 0E2C232710AF96A6001B40EF /* ECVVideoStorage.m */; };
		0E9FAABF1107B138005C55CE /* ECVVideoFrame.m in Sources */ = {isa = PBXBuildFile; fileRef = 0E2C230A10AF91C6001B40EF /* ECVVideoFrame.m */; };
		0E9FAAC81107B202005C55CE /* ECVReadWriteLock.m in Sources */ = {isa = PBXBuildFile; fileRef = 0E89833E10C2D740006BA9C6 /* ECVReadWriteLock.m */; };
		0E9FAAC91107B207005C55CE /* QTKit.framework in Frameworks */ = {isa = PBXBuildFile; fileRef = 0E0AC92310203FB300C12D88 /* QTKit.framework */; };
		0E9FAAE81107B210005C55CE /* CoreVideo.framework in Frameworks */ = {isa = PBXBuildFile; fileRef = 0EE547931070F34C00F003AF /* CoreVideo.framework */; };
		0E9FABB31107B22A005C55CE /* ECVDebug.m in Sources */ = {isa = PBXBuildFile; fileRef = 0E78CB970FC92D8300E9C148 /* ECVDebug.m */; };
		0EAE4FB7112BD420004D93B3 /* VT1612AChip.m in Sources */ = {isa = PBXBuildFile; fileRef = 0EAE4FB6112BD420004D93B3 /* VT1612AChip.m */; };
		0EAE4FB8112BD420004D93B3 /* VT1612AChip.m in Sources */ = {isa = PBXBuildFile; fileRef = 0EAE4FB6112BD420004D93B3 /* VT1612AChip.m */; };
		0EB070DD10B0992400B9575B /* ECVCaptureDevice.m in Sources */ = {isa = PBXBuildFile; fileRef = 0EB070DC10B0992400B9575B /* ECVCaptureDevice.m */; };
		0EC7D342101903F200CFBDFF /* CoreAudio.framework in Frameworks */ = {isa = PBXBuildFile; fileRef = 0EC7D341101903F200CFBDFF /* CoreAudio.framework */; };
		0EC7D4A41019A29800CFBDFF /* AudioToolbox.framework in Frameworks */ = {isa = PBXBuildFile; fileRef = 0EC7D4A31019A29800CFBDFF /* AudioToolbox.framework */; };
		0EC7D4AC1019B60100CFBDFF /* ECVAudioPipe.m in Sources */ = {isa = PBXBuildFile; fileRef = 0EC7D4AB1019B60100CFBDFF /* ECVAudioPipe.m */; };
		0EC7D4AF1019B67600CFBDFF /* ECVAudioDevice.m in Sources */ = {isa = PBXBuildFile; fileRef = 0EC7D4AE1019B67600CFBDFF /* ECVAudioDevice.m */; };
		0EC8BF901090A3F400ED9BB0 /* ECVRectEdgeMask.m in Sources */ = {isa = PBXBuildFile; fileRef = 0EC8BF8F1090A3F400ED9BB0 /* ECVRectEdgeMask.m */; };
		0ECDB5D5111C693100D5899C /* Localizable.strings in Resources */ = {isa = PBXBuildFile; fileRef = 0E9F9B3510F679A400935C48 /* Localizable.strings */; };
		0EDC66971129186A00AF1803 /* ECVHUDSwitchButtonCell.m in Sources */ = {isa = PBXBuildFile; fileRef = 0EDC66961129186A00AF1803 /* ECVHUDSwitchButtonCell.m */; };
		0EDC66981129186A00AF1803 /* ECVHUDSwitchButtonCell.m in Sources */ = {isa = PBXBuildFile; fileRef = 0EDC66961129186A00AF1803 /* ECVHUDSwitchButtonCell.m */; };
		0EDF46C20FCE1B4F006630E1 /* stk11xx-dev-0408.m in Sources */ = {isa = PBXBuildFile; fileRef = 0E78CD4F0FC9F36000E9C148 /* stk11xx-dev-0408.m */; };
		0EE547941070F34C00F003AF /* CoreVideo.framework in Frameworks */ = {isa = PBXBuildFile; fileRef = 0EE547931070F34C00F003AF /* CoreVideo.framework */; };
		0EE5483A1071019600F003AF /* QuickTime.framework in Frameworks */ = {isa = PBXBuildFile; fileRef = 0EE548391071019600F003AF /* QuickTime.framework */; };
		0EEFA5C2103BB79A0038C135 /* ECVVideoView.m in Sources */ = {isa = PBXBuildFile; fileRef = 0EEFA5C1103BB79A0038C135 /* ECVVideoView.m */; };
		0EFEE896109205C300312653 /* Cursor-Resize-45.tiff in Resources */ = {isa = PBXBuildFile; fileRef = 0EFEE894109205C300312653 /* Cursor-Resize-45.tiff */; };
		0EFEE897109205C300312653 /* Cursor-Resize-135.tiff in Resources */ = {isa = PBXBuildFile; fileRef = 0EFEE895109205C300312653 /* Cursor-Resize-135.tiff */; };
		8D11072F0486CEB800E47090 /* Cocoa.framework in Frameworks */ = {isa = PBXBuildFile; fileRef = 1058C7A1FEA54F0111CA2CBB /* Cocoa.framework */; };
		B50600661327948000B2F202 /* ECVIndependentVideoStorage.m in Sources */ = {isa = PBXBuildFile; fileRef = B50600651327948000B2F202 /* ECVIndependentVideoStorage.m */; };
		B5060071132794E400B2F202 /* ECVPixelBuffer.m in Sources */ = {isa = PBXBuildFile; fileRef = B5060070132794E400B2F202 /* ECVPixelBuffer.m */; };
		B5060072132794E400B2F202 /* ECVPixelBuffer.m in Sources */ = {isa = PBXBuildFile; fileRef = B5060070132794E400B2F202 /* ECVPixelBuffer.m */; };
		B516D83316E14B5C006E6031 /* ECVHUDButtonCell.m in Sources */ = {isa = PBXBuildFile; fileRef = B516D83216E14B5C006E6031 /* ECVHUDButtonCell.m */; };
		B5281144130D7BB400FBE537 /* ECVFoundationAdditions.m in Sources */ = {isa = PBXBuildFile; fileRef = 0E9F9B2110F6764500935C48 /* ECVFoundationAdditions.m */; };
		B58A14501309C96800487B2D /* ECVDependentVideoStorage.m in Sources */ = {isa = PBXBuildFile; fileRef = B58A144F1309C96700487B2D /* ECVDependentVideoStorage.m */; };
		B5A89D1317513C8400995E10 /* ECVFushicaiDevice.m in Sources */ = {isa = PBXBuildFile; fileRef = B5A89D1217513C8400995E10 /* ECVFushicaiDevice.m */; };
		B5A89D1417513C8400995E10 /* ECVFushicaiDevice.m in Sources */ = {isa = PBXBuildFile; fileRef = B5A89D1217513C8400995E10 /* ECVFushicaiDevice.m */; };
		B5B4F5D8169E506200B14376 /* ECVSomagicDevice_Unloaded.m in Sources */ = {isa = PBXBuildFile; fileRef = B5B4F5D7169E506200B14376 /* ECVSomagicDevice_Unloaded.m */; };
		B5B4F5D9169E506200B14376 /* ECVSomagicDevice_Unloaded.m in Sources */ = {isa = PBXBuildFile; fileRef = B5B4F5D7169E506200B14376 /* ECVSomagicDevice_Unloaded.m */; };
		B5BC261A166F78EC0036490F /* ECVVideoFormat.m in Sources */ = {isa = PBXBuildFile; fileRef = B5BC2619166F78EC0036490F /* ECVVideoFormat.m */; };
		B5BC261B166F78EC0036490F /* ECVVideoFormat.m in Sources */ = {isa = PBXBuildFile; fileRef = B5BC2619166F78EC0036490F /* ECVVideoFormat.m */; };
		B5BC2807167E75CF0036490F /* ECVUSBTransferList.m in Sources */ = {isa = PBXBuildFile; fileRef = B5BC2806167E75CF0036490F /* ECVUSBTransferList.m */; };
		B5BC2808167E75CF0036490F /* ECVUSBTransferList.m in Sources */ = {isa = PBXBuildFile; fileRef = B5BC2806167E75CF0036490F /* ECVUSBTransferList.m */; };
		B5BC28E0167E904D0036490F /* ECVCaptureDocument.m in Sources */ = {isa = PBXBuildFile; fileRef = B5BC28DE167E904D0036490F /* ECVCaptureDocument.m */; };
		B5BC29D3167F68970036490F /* ECVVideoSource.m in Sources */ = {isa = PBXBuildFile; fileRef = B5BC29D2167F68970036490F /* ECVVideoSource.m */; };
		B5BC29D4167F68970036490F /* ECVVideoSource.m in Sources */ = {isa = PBXBuildFile; fileRef = B5BC29D2167F68970036490F /* ECVVideoSource.m */; };
		B5BC2A10167F6FAB0036490F /* ECVEM2860Device.m in Sources */ = {isa = PBXBuildFile; fileRef = B54758481507B29B006C0E44 /* ECVEM2860Device.m */; };
		B5BC2A11167F6FAB0036490F /* ECVEM2860Device.m in Sources */ = {isa = PBXBuildFile; fileRef = B54758481507B29B006C0E44 /* ECVEM2860Device.m */; };
		B5BC2A6A168132100036490F /* ECVAudioTarget.m in Sources */ = {isa = PBXBuildFile; fileRef = B5BC2A68168132100036490F /* ECVAudioTarget.m */; };
		B5C0606D169C6A6700E35266 /* ECVSomagicDevice.m in Sources */ = {isa = PBXBuildFile; fileRef = B5C0606C169C6A6700E35266 /* ECVSomagicDevice.m */; };
		B5C5BF3B1323AE0300B1E2FE /* ECVDeinterlacingMode.m in Sources */ = {isa = PBXBuildFile; fileRef = B594FCF11252648A009E583F /* ECVDeinterlacingMode.m */; };
		B5C5BF3C1323AE0300B1E2FE /* ECVDeinterlacingMode.m in Sources */ = {isa = PBXBuildFile; fileRef = B594FCF11252648A009E583F /* ECVDeinterlacingMode.m */; };
		B5E3760E14928D2F00ED097A /* EasyCapViewer.icns in Resources */ = {isa = PBXBuildFile; fileRef = B5E3760D14928D2F00ED097A /* EasyCapViewer.icns */; };
		B5F09994131CE00A0066FEB5 /* ECVFrameRateConverter.m in Sources */ = {isa = PBXBuildFile; fileRef = B5F09993131CE00A0066FEB5 /* ECVFrameRateConverter.m */; };
		B5F09995131CE00A0066FEB5 /* ECVFrameRateConverter.m in Sources */ = {isa = PBXBuildFile; fileRef = B5F09993131CE00A0066FEB5 /* ECVFrameRateConverter.m */; };
		B5F09998131CE0550066FEB5 /* ECVRational.m in Sources */ = {isa = PBXBuildFile; fileRef = B5F09997131CE0550066FEB5 /* ECVRational.m */; };
		B5F09999131CE0550066FEB5 /* ECVRational.m in Sources */ = {isa = PBXBuildFile; fileRef = B5F09997131CE0550066FEB5 /* ECVRational.m */; };
/* End PBXBuildFile section */

/* Begin PBXContainerItemProxy section */
		0E982B611134665F0062A2C8 /* PBXContainerItemProxy */ = {
			isa = PBXContainerItemProxy;
			containerPortal = 29B97313FDCFA39411CA2CEA /* Project object */;
			proxyType = 1;
			remoteGlobalIDString = 8D1107260486CEB800E47090;
			remoteInfo = EasyCapViewer;
		};
		0E982B63113466620062A2C8 /* PBXContainerItemProxy */ = {
			isa = PBXContainerItemProxy;
			containerPortal = 29B97313FDCFA39411CA2CEA /* Project object */;
			proxyType = 1;
			remoteGlobalIDString = 0E4D75BF11044A5900FE3DDC;
			remoteInfo = ECVComponent;
		};
/* End PBXContainerItemProxy section */

/* Begin PBXCopyFilesBuildPhase section */
		0EB5348B101B3B2B000B7B2E /* CopyFiles */ = {
			isa = PBXCopyFilesBuildPhase;
			buildActionMask = 2147483647;
			dstPath = "";
			dstSubfolderSpec = 10;
			files = (
			);
			runOnlyForDeploymentPostprocessing = 0;
		};
/* End PBXCopyFilesBuildPhase section */

/* Begin PBXFileReference section */
		0E053FF40FDF1FFD003688BB /* MPLWindow.m */ = {isa = PBXFileReference; fileEncoding = 4; lastKnownFileType = sourcecode.c.objc; path = MPLWindow.m; sourceTree = "<group>"; };
		0E053FF50FDF1FFD003688BB /* MPLWindow.h */ = {isa = PBXFileReference; fileEncoding = 4; lastKnownFileType = sourcecode.c.h; path = MPLWindow.h; sourceTree = "<group>"; };
		0E0AC92310203FB300C12D88 /* QTKit.framework */ = {isa = PBXFileReference; lastKnownFileType = wrapper.framework; name = QTKit.framework; path = System/Library/Frameworks/QTKit.framework; sourceTree = SDKROOT; };
		0E0C489B10B91DC2008731F2 /* ECVMovieRecorder.h */ = {isa = PBXFileReference; fileEncoding = 4; lastKnownFileType = sourcecode.c.h; path = ECVMovieRecorder.h; sourceTree = "<group>"; };
		0E0C489C10B91DC2008731F2 /* ECVMovieRecorder.m */ = {isa = PBXFileReference; fileEncoding = 4; lastKnownFileType = sourcecode.c.objc; path = ECVMovieRecorder.m; sourceTree = "<group>"; };
		0E16F6AC10AE92C600730A18 /* SAA711XChip.h */ = {isa = PBXFileReference; fileEncoding = 4; lastKnownFileType = sourcecode.c.h; path = SAA711XChip.h; sourceTree = "<group>"; };
		0E16F6AD10AE92C600730A18 /* SAA711XChip.m */ = {isa = PBXFileReference; fileEncoding = 4; lastKnownFileType = sourcecode.c.objc; path = SAA711XChip.m; sourceTree = "<group>"; };
		0E26A997100314E6002FF95A /* ECVConfigController.h */ = {isa = PBXFileReference; fileEncoding = 4; lastKnownFileType = sourcecode.c.h; path = ECVConfigController.h; sourceTree = "<group>"; };
		0E26A998100314E6002FF95A /* ECVConfigController.m */ = {isa = PBXFileReference; fileEncoding = 4; lastKnownFileType = sourcecode.c.objc; path = ECVConfigController.m; sourceTree = "<group>"; };
		0E2C230910AF91C6001B40EF /* ECVVideoFrame.h */ = {isa = PBXFileReference; fileEncoding = 4; lastKnownFileType = sourcecode.c.h; path = ECVVideoFrame.h; sourceTree = "<group>"; };
		0E2C230A10AF91C6001B40EF /* ECVVideoFrame.m */ = {isa = PBXFileReference; fileEncoding = 4; lastKnownFileType = sourcecode.c.objc; path = ECVVideoFrame.m; sourceTree = "<group>"; };
		0E2C232610AF96A6001B40EF /* ECVVideoStorage.h */ = {isa = PBXFileReference; fileEncoding = 4; lastKnownFileType = sourcecode.c.h; path = ECVVideoStorage.h; sourceTree = "<group>"; };
		0E2C232710AF96A6001B40EF /* ECVVideoStorage.m */ = {isa = PBXFileReference; fileEncoding = 4; lastKnownFileType = sourcecode.c.objc; path = ECVVideoStorage.m; sourceTree = "<group>"; };
		0E3B7BF11108CC2C003A8A39 /* ECVComponent.r */ = {isa = PBXFileReference; fileEncoding = 4; lastKnownFileType = sourcecode.rez; path = ECVComponent.r; sourceTree = "<group>"; };
		0E3B7CB21108E8F0003A8A39 /* ECVComponentDispatch.h */ = {isa = PBXFileReference; fileEncoding = 4; lastKnownFileType = sourcecode.c.h; path = ECVComponentDispatch.h; sourceTree = "<group>"; };
		0E4D75C011044A5900FE3DDC /* ECVComponent.component */ = {isa = PBXFileReference; explicitFileType = wrapper.cfbundle; includeInIndex = 0; path = ECVComponent.component; sourceTree = BUILT_PRODUCTS_DIR; };
		0E4D75C111044A5900FE3DDC /* ECVComponent-Info.plist */ = {isa = PBXFileReference; lastKnownFileType = text.plist.xml; path = "ECVComponent-Info.plist"; sourceTree = "<group>"; };
		0E4D76AF11044B1000FE3DDC /* EasyCapViewer-Info.plist */ = {isa = PBXFileReference; fileEncoding = 4; lastKnownFileType = text.plist.xml; path = "EasyCapViewer-Info.plist"; sourceTree = "<group>"; };
		0E4D76CA110454C000FE3DDC /* ECVComponent.m */ = {isa = PBXFileReference; fileEncoding = 4; lastKnownFileType = sourcecode.c.objc; path = ECVComponent.m; sourceTree = "<group>"; };
		0E4D778611046F9E00FE3DDC /* EasyCapViewer.m */ = {isa = PBXFileReference; fileEncoding = 4; lastKnownFileType = sourcecode.c.objc; path = EasyCapViewer.m; sourceTree = "<group>"; };
		0E78C93C0FC8F98100E9C148 /* ECVCaptureController.h */ = {isa = PBXFileReference; fileEncoding = 4; lastKnownFileType = sourcecode.c.h; path = ECVCaptureController.h; sourceTree = "<group>"; };
		0E78C93D0FC8F98100E9C148 /* ECVCaptureController.m */ = {isa = PBXFileReference; fileEncoding = 4; lastKnownFileType = sourcecode.c.objc; path = ECVCaptureController.m; sourceTree = "<group>"; };
		0E78C9F20FC8FA1000E9C148 /* IOKit.framework */ = {isa = PBXFileReference; lastKnownFileType = wrapper.framework; name = IOKit.framework; path = /System/Library/Frameworks/IOKit.framework; sourceTree = "<absolute>"; };
		0E78CA4D0FC9128000E9C148 /* ECVController.h */ = {isa = PBXFileReference; fileEncoding = 4; lastKnownFileType = sourcecode.c.h; path = ECVController.h; sourceTree = "<group>"; };
		0E78CA4E0FC9128000E9C148 /* ECVController.m */ = {isa = PBXFileReference; fileEncoding = 4; lastKnownFileType = sourcecode.c.objc; path = ECVController.m; sourceTree = "<group>"; };
		0E78CAAC0FC91B6500E9C148 /* ECVSTK1160Device.h */ = {isa = PBXFileReference; fileEncoding = 4; lastKnownFileType = sourcecode.c.h; path = ECVSTK1160Device.h; sourceTree = "<group>"; };
		0E78CAAD0FC91B6500E9C148 /* ECVSTK1160Device.m */ = {isa = PBXFileReference; fileEncoding = 4; lastKnownFileType = sourcecode.c.objc; path = ECVSTK1160Device.m; sourceTree = "<group>"; };
		0E78CB960FC92D8300E9C148 /* ECVDebug.h */ = {isa = PBXFileReference; fileEncoding = 4; lastKnownFileType = sourcecode.c.h; path = ECVDebug.h; sourceTree = "<group>"; };
		0E78CB970FC92D8300E9C148 /* ECVDebug.m */ = {isa = PBXFileReference; fileEncoding = 4; lastKnownFileType = sourcecode.c.objc; path = ECVDebug.m; sourceTree = "<group>"; };
		0E78CD4F0FC9F36000E9C148 /* stk11xx-dev-0408.m */ = {isa = PBXFileReference; fileEncoding = 4; lastKnownFileType = sourcecode.c.objc; path = "stk11xx-dev-0408.m"; sourceTree = "<group>"; };
		0E78CD840FC9F9E300E9C148 /* QuartzCore.framework */ = {isa = PBXFileReference; lastKnownFileType = wrapper.framework; name = QuartzCore.framework; path = System/Library/Frameworks/QuartzCore.framework; sourceTree = SDKROOT; };
		0E78CDB40FC9F9EB00E9C148 /* OpenGL.framework */ = {isa = PBXFileReference; lastKnownFileType = wrapper.framework; name = OpenGL.framework; path = System/Library/Frameworks/OpenGL.framework; sourceTree = SDKROOT; };
		0E7FFBFF10899578000C8217 /* vecLib.framework */ = {isa = PBXFileReference; lastKnownFileType = wrapper.framework; name = vecLib.framework; path = /System/Library/Frameworks/vecLib.framework; sourceTree = "<absolute>"; };
		0E7FFC4310899D4B000C8217 /* ECVDividerView.h */ = {isa = PBXFileReference; fileEncoding = 4; lastKnownFileType = sourcecode.c.h; path = ECVDividerView.h; sourceTree = "<group>"; };
		0E7FFC4410899D4B000C8217 /* ECVDividerView.m */ = {isa = PBXFileReference; fileEncoding = 4; lastKnownFileType = sourcecode.c.objc; path = ECVDividerView.m; sourceTree = "<group>"; };
		0E7FFD191089CEE0000C8217 /* ECVPlayButtonCell.h */ = {isa = PBXFileReference; fileEncoding = 4; lastKnownFileType = sourcecode.c.h; path = ECVPlayButtonCell.h; sourceTree = "<group>"; };
		0E7FFD1A1089CEE0000C8217 /* ECVPlayButtonCell.m */ = {isa = PBXFileReference; fileEncoding = 4; lastKnownFileType = sourcecode.c.objc; path = ECVPlayButtonCell.m; sourceTree = "<group>"; };
		0E7FFD1C1089D60A000C8217 /* ECVCropCell.h */ = {isa = PBXFileReference; fileEncoding = 4; lastKnownFileType = sourcecode.c.h; path = ECVCropCell.h; sourceTree = "<group>"; };
		0E7FFD1D1089D60A000C8217 /* ECVCropCell.m */ = {isa = PBXFileReference; fileEncoding = 4; lastKnownFileType = sourcecode.c.objc; path = ECVCropCell.m; sourceTree = "<group>"; };
		0E7FFD1F1089D651000C8217 /* ECVOpenGLAdditions.h */ = {isa = PBXFileReference; fileEncoding = 4; lastKnownFileType = sourcecode.c.h; path = ECVOpenGLAdditions.h; sourceTree = "<group>"; };
		0E7FFD201089D651000C8217 /* ECVOpenGLAdditions.m */ = {isa = PBXFileReference; fileEncoding = 4; lastKnownFileType = sourcecode.c.objc; path = ECVOpenGLAdditions.m; sourceTree = "<group>"; };
		0E89833D10C2D740006BA9C6 /* ECVReadWriteLock.h */ = {isa = PBXFileReference; fileEncoding = 4; lastKnownFileType = sourcecode.c.h; path = ECVReadWriteLock.h; sourceTree = "<group>"; };
		0E89833E10C2D740006BA9C6 /* ECVReadWriteLock.m */ = {isa = PBXFileReference; fileEncoding = 4; lastKnownFileType = sourcecode.c.objc; path = ECVReadWriteLock.m; sourceTree = "<group>"; };
		0E8CE0CA107BCE12004F05A7 /* ECVHUDPopUpButtonCell.h */ = {isa = PBXFileReference; fileEncoding = 4; lastKnownFileType = sourcecode.c.h; path = ECVHUDPopUpButtonCell.h; sourceTree = "<group>"; };
		0E8CE0CB107BCE12004F05A7 /* ECVHUDPopUpButtonCell.m */ = {isa = PBXFileReference; fileEncoding = 4; lastKnownFileType = sourcecode.c.objc; path = ECVHUDPopUpButtonCell.m; sourceTree = "<group>"; };
		0E8CE153107BE51C004F05A7 /* ECVAppKitAdditions.h */ = {isa = PBXFileReference; fileEncoding = 4; lastKnownFileType = sourcecode.c.h; path = ECVAppKitAdditions.h; sourceTree = "<group>"; };
		0E8CE154107BE51C004F05A7 /* ECVAppKitAdditions.m */ = {isa = PBXFileReference; fileEncoding = 4; lastKnownFileType = sourcecode.c.objc; path = ECVAppKitAdditions.m; sourceTree = "<group>"; };
		0E8CE1CF107BE953004F05A7 /* ECVHUDSliderCell.h */ = {isa = PBXFileReference; fileEncoding = 4; lastKnownFileType = sourcecode.c.h; path = ECVHUDSliderCell.h; sourceTree = "<group>"; };
		0E8CE1D0107BE953004F05A7 /* ECVHUDSliderCell.m */ = {isa = PBXFileReference; fileEncoding = 4; lastKnownFileType = sourcecode.c.objc; path = ECVHUDSliderCell.m; sourceTree = "<group>"; };
		0E8CE216107BF845004F05A7 /* ECVTickMarkView.h */ = {isa = PBXFileReference; fileEncoding = 4; lastKnownFileType = sourcecode.c.h; path = ECVTickMarkView.h; sourceTree = "<group>"; };
		0E8CE217107BF845004F05A7 /* ECVTickMarkView.m */ = {isa = PBXFileReference; fileEncoding = 4; lastKnownFileType = sourcecode.c.objc; path = ECVTickMarkView.m; sourceTree = "<group>"; };
		0E984D69108C65D100CB469C /* ECVErrorLogController.h */ = {isa = PBXFileReference; fileEncoding = 4; lastKnownFileType = sourcecode.c.h; path = ECVErrorLogController.h; sourceTree = "<group>"; };
		0E984D6A108C65D100CB469C /* ECVErrorLogController.m */ = {isa = PBXFileReference; fileEncoding = 4; lastKnownFileType = sourcecode.c.objc; path = ECVErrorLogController.m; sourceTree = "<group>"; };
		0E984E20108C7F3D00CB469C /* Log-Clear.png */ = {isa = PBXFileReference; lastKnownFileType = image.png; path = "Log-Clear.png"; sourceTree = "<group>"; };
		0E9F5E621085D06F00375752 /* Carbon.framework */ = {isa = PBXFileReference; lastKnownFileType = wrapper.framework; name = Carbon.framework; path = /System/Library/Frameworks/Carbon.framework; sourceTree = "<absolute>"; };
		0E9F9B1B10F6753C00935C48 /* ECVLocalizing.h */ = {isa = PBXFileReference; fileEncoding = 4; lastKnownFileType = sourcecode.c.h; path = ECVLocalizing.h; sourceTree = "<group>"; };
		0E9F9B1C10F6753C00935C48 /* ECVLocalizing.m */ = {isa = PBXFileReference; fileEncoding = 4; lastKnownFileType = sourcecode.c.objc; path = ECVLocalizing.m; sourceTree = "<group>"; };
		0E9F9B2010F6764500935C48 /* ECVFoundationAdditions.h */ = {isa = PBXFileReference; fileEncoding = 4; lastKnownFileType = sourcecode.c.h; path = ECVFoundationAdditions.h; sourceTree = "<group>"; };
		0E9F9B2110F6764500935C48 /* ECVFoundationAdditions.m */ = {isa = PBXFileReference; fileEncoding = 4; lastKnownFileType = sourcecode.c.objc; path = ECVFoundationAdditions.m; sourceTree = "<group>"; };
		0E9F9B2A10F679A400935C48 /* en */ = {isa = PBXFileReference; lastKnownFileType = text.rtf; name = en; path = en.lproj/Credits.rtf; sourceTree = "<group>"; };
		0E9F9B2C10F679A400935C48 /* en */ = {isa = PBXFileReference; fileEncoding = 4; lastKnownFileType = text.plist.strings; name = en; path = en.lproj/ECVCapture.strings; sourceTree = "<group>"; };
		0E9F9B2E10F679A400935C48 /* en */ = {isa = PBXFileReference; fileEncoding = 4; lastKnownFileType = text.plist.strings; name = en; path = en.lproj/ECVConfig.strings; sourceTree = "<group>"; };
		0E9F9B3010F679A400935C48 /* en */ = {isa = PBXFileReference; fileEncoding = 4; lastKnownFileType = text.plist.strings; name = en; path = en.lproj/ECVErrorLog.strings; sourceTree = "<group>"; };
		0E9F9B3210F679A400935C48 /* en */ = {isa = PBXFileReference; fileEncoding = 4; lastKnownFileType = text.plist.strings; name = en; path = en.lproj/ECVMenu.strings; sourceTree = "<group>"; };
		0E9F9B3410F679A400935C48 /* en */ = {isa = PBXFileReference; fileEncoding = 4; lastKnownFileType = text.plist.strings; name = en; path = en.lproj/InfoPlist.strings; sourceTree = "<group>"; };
		0E9F9B3610F679A400935C48 /* en */ = {isa = PBXFileReference; fileEncoding = 4; lastKnownFileType = text.plist.strings; name = en; path = en.lproj/Localizable.strings; sourceTree = "<group>"; };
		0E9F9B3E10F679B800935C48 /* ECVCapture.xib */ = {isa = PBXFileReference; lastKnownFileType = file.xib; path = ECVCapture.xib; sourceTree = "<group>"; };
		0E9F9B3F10F679B800935C48 /* ECVConfig.xib */ = {isa = PBXFileReference; lastKnownFileType = file.xib; path = ECVConfig.xib; sourceTree = "<group>"; };
		0E9F9B4010F679B800935C48 /* ECVErrorLog.xib */ = {isa = PBXFileReference; lastKnownFileType = file.xib; path = ECVErrorLog.xib; sourceTree = "<group>"; };
		0E9F9B4110F679B800935C48 /* ECVMenu.xib */ = {isa = PBXFileReference; lastKnownFileType = file.xib; path = ECVMenu.xib; sourceTree = "<group>"; };
		0E9FAA851107A5A7005C55CE /* ECVDevices.plist */ = {isa = PBXFileReference; fileEncoding = 4; lastKnownFileType = text.plist.xml; path = ECVDevices.plist; sourceTree = "<group>"; };
		0EAE4FB5112BD420004D93B3 /* VT1612AChip.h */ = {isa = PBXFileReference; fileEncoding = 4; lastKnownFileType = sourcecode.c.h; path = VT1612AChip.h; sourceTree = "<group>"; };
		0EAE4FB6112BD420004D93B3 /* VT1612AChip.m */ = {isa = PBXFileReference; fileEncoding = 4; lastKnownFileType = sourcecode.c.objc; path = VT1612AChip.m; sourceTree = "<group>"; };
		0EB070DB10B0992400B9575B /* ECVCaptureDevice.h */ = {isa = PBXFileReference; fileEncoding = 4; lastKnownFileType = sourcecode.c.h; path = ECVCaptureDevice.h; sourceTree = "<group>"; };
		0EB070DC10B0992400B9575B /* ECVCaptureDevice.m */ = {isa = PBXFileReference; fileEncoding = 4; lastKnownFileType = sourcecode.c.objc; path = ECVCaptureDevice.m; sourceTree = "<group>"; };
		0EC7D341101903F200CFBDFF /* CoreAudio.framework */ = {isa = PBXFileReference; lastKnownFileType = wrapper.framework; name = CoreAudio.framework; path = System/Library/Frameworks/CoreAudio.framework; sourceTree = SDKROOT; };
		0EC7D4A31019A29800CFBDFF /* AudioToolbox.framework */ = {isa = PBXFileReference; lastKnownFileType = wrapper.framework; name = AudioToolbox.framework; path = System/Library/Frameworks/AudioToolbox.framework; sourceTree = SDKROOT; };
		0EC7D4AA1019B60100CFBDFF /* ECVAudioPipe.h */ = {isa = PBXFileReference; fileEncoding = 4; lastKnownFileType = sourcecode.c.h; path = ECVAudioPipe.h; sourceTree = "<group>"; };
		0EC7D4AB1019B60100CFBDFF /* ECVAudioPipe.m */ = {isa = PBXFileReference; fileEncoding = 4; lastKnownFileType = sourcecode.c.objc; path = ECVAudioPipe.m; sourceTree = "<group>"; };
		0EC7D4AD1019B67600CFBDFF /* ECVAudioDevice.h */ = {isa = PBXFileReference; fileEncoding = 4; lastKnownFileType = sourcecode.c.h; path = ECVAudioDevice.h; sourceTree = "<group>"; };
		0EC7D4AE1019B67600CFBDFF /* ECVAudioDevice.m */ = {isa = PBXFileReference; fileEncoding = 4; lastKnownFileType = sourcecode.c.objc; path = ECVAudioDevice.m; sourceTree = "<group>"; };
		0EC8BF8E1090A3F400ED9BB0 /* ECVRectEdgeMask.h */ = {isa = PBXFileReference; fileEncoding = 4; lastKnownFileType = sourcecode.c.h; path = ECVRectEdgeMask.h; sourceTree = "<group>"; };
		0EC8BF8F1090A3F400ED9BB0 /* ECVRectEdgeMask.m */ = {isa = PBXFileReference; fileEncoding = 4; lastKnownFileType = sourcecode.c.objc; path = ECVRectEdgeMask.m; sourceTree = "<group>"; };
		0EDC66951129186A00AF1803 /* ECVHUDSwitchButtonCell.h */ = {isa = PBXFileReference; fileEncoding = 4; lastKnownFileType = sourcecode.c.h; path = ECVHUDSwitchButtonCell.h; sourceTree = "<group>"; };
		0EDC66961129186A00AF1803 /* ECVHUDSwitchButtonCell.m */ = {isa = PBXFileReference; fileEncoding = 4; lastKnownFileType = sourcecode.c.objc; path = ECVHUDSwitchButtonCell.m; sourceTree = "<group>"; };
		0EDF451A0FCD2167006630E1 /* stk11xx.h */ = {isa = PBXFileReference; fileEncoding = 4; lastKnownFileType = sourcecode.c.h; path = stk11xx.h; sourceTree = "<group>"; };
		0EE547931070F34C00F003AF /* CoreVideo.framework */ = {isa = PBXFileReference; lastKnownFileType = wrapper.framework; name = CoreVideo.framework; path = /System/Library/Frameworks/CoreVideo.framework; sourceTree = "<absolute>"; };
		0EE548391071019600F003AF /* QuickTime.framework */ = {isa = PBXFileReference; lastKnownFileType = wrapper.framework; name = QuickTime.framework; path = /System/Library/Frameworks/QuickTime.framework; sourceTree = "<absolute>"; };
		0EEFA5C0103BB79A0038C135 /* ECVVideoView.h */ = {isa = PBXFileReference; fileEncoding = 4; lastKnownFileType = sourcecode.c.h; path = ECVVideoView.h; sourceTree = "<group>"; };
		0EEFA5C1103BB79A0038C135 /* ECVVideoView.m */ = {isa = PBXFileReference; fileEncoding = 4; lastKnownFileType = sourcecode.c.objc; path = ECVVideoView.m; sourceTree = "<group>"; };
		0EFEE894109205C300312653 /* Cursor-Resize-45.tiff */ = {isa = PBXFileReference; lastKnownFileType = image.tiff; path = "Cursor-Resize-45.tiff"; sourceTree = "<group>"; };
		0EFEE895109205C300312653 /* Cursor-Resize-135.tiff */ = {isa = PBXFileReference; lastKnownFileType = image.tiff; path = "Cursor-Resize-135.tiff"; sourceTree = "<group>"; };
		1058C7A1FEA54F0111CA2CBB /* Cocoa.framework */ = {isa = PBXFileReference; lastKnownFileType = wrapper.framework; name = Cocoa.framework; path = /System/Library/Frameworks/Cocoa.framework; sourceTree = "<absolute>"; };
		13E42FB307B3F0F600E4EEF1 /* CoreData.framework */ = {isa = PBXFileReference; lastKnownFileType = wrapper.framework; name = CoreData.framework; path = /System/Library/Frameworks/CoreData.framework; sourceTree = "<absolute>"; };
		29B97324FDCFA39411CA2CEA /* AppKit.framework */ = {isa = PBXFileReference; lastKnownFileType = wrapper.framework; name = AppKit.framework; path = /System/Library/Frameworks/AppKit.framework; sourceTree = "<absolute>"; };
		29B97325FDCFA39411CA2CEA /* Foundation.framework */ = {isa = PBXFileReference; lastKnownFileType = wrapper.framework; name = Foundation.framework; path = /System/Library/Frameworks/Foundation.framework; sourceTree = "<absolute>"; };
		32CA4F630368D1EE00C91783 /* EasyCapViewer_Prefix.pch */ = {isa = PBXFileReference; fileEncoding = 4; lastKnownFileType = sourcecode.c.h; path = EasyCapViewer_Prefix.pch; sourceTree = "<group>"; };
		8D1107320486CEB800E47090 /* EasyCapViewer.app */ = {isa = PBXFileReference; explicitFileType = wrapper.application; includeInIndex = 0; path = EasyCapViewer.app; sourceTree = BUILT_PRODUCTS_DIR; };
		B5028DC816594E5C00CB8CAB /* ECVICM.h */ = {isa = PBXFileReference; fileEncoding = 4; lastKnownFileType = sourcecode.c.h; path = ECVICM.h; sourceTree = "<group>"; };
		B50600641327948000B2F202 /* ECVIndependentVideoStorage.h */ = {isa = PBXFileReference; fileEncoding = 4; lastKnownFileType = sourcecode.c.h; path = ECVIndependentVideoStorage.h; sourceTree = "<group>"; };
		B50600651327948000B2F202 /* ECVIndependentVideoStorage.m */ = {isa = PBXFileReference; fileEncoding = 4; lastKnownFileType = sourcecode.c.objc; path = ECVIndependentVideoStorage.m; sourceTree = "<group>"; };
		B506006F132794E400B2F202 /* ECVPixelBuffer.h */ = {isa = PBXFileReference; fileEncoding = 4; lastKnownFileType = sourcecode.c.h; path = ECVPixelBuffer.h; sourceTree = "<group>"; };
		B5060070132794E400B2F202 /* ECVPixelBuffer.m */ = {isa = PBXFileReference; fileEncoding = 4; lastKnownFileType = sourcecode.c.objc; path = ECVPixelBuffer.m; sourceTree = "<group>"; };
		B516D83116E14B5C006E6031 /* ECVHUDButtonCell.h */ = {isa = PBXFileReference; fileEncoding = 4; lastKnownFileType = sourcecode.c.h; path = ECVHUDButtonCell.h; sourceTree = "<group>"; };
		B516D83216E14B5C006E6031 /* ECVHUDButtonCell.m */ = {isa = PBXFileReference; fileEncoding = 4; lastKnownFileType = sourcecode.c.objc; path = ECVHUDButtonCell.m; sourceTree = "<group>"; };
		B54758471507B29B006C0E44 /* ECVEM2860Device.h */ = {isa = PBXFileReference; fileEncoding = 4; lastKnownFileType = sourcecode.c.h; path = ECVEM2860Device.h; sourceTree = "<group>"; };
		B54758481507B29B006C0E44 /* ECVEM2860Device.m */ = {isa = PBXFileReference; fileEncoding = 4; lastKnownFileType = sourcecode.c.objc; path = ECVEM2860Device.m; sourceTree = "<group>"; };
		B58A144E1309C96700487B2D /* ECVDependentVideoStorage.h */ = {isa = PBXFileReference; fileEncoding = 4; lastKnownFileType = sourcecode.c.h; path = ECVDependentVideoStorage.h; sourceTree = "<group>"; };
		B58A144F1309C96700487B2D /* ECVDependentVideoStorage.m */ = {isa = PBXFileReference; fileEncoding = 4; lastKnownFileType = sourcecode.c.objc; path = ECVDependentVideoStorage.m; sourceTree = "<group>"; };
		B594FCEF1252644D009E583F /* ECVDeinterlacingMode.h */ = {isa = PBXFileReference; fileEncoding = 4; lastKnownFileType = sourcecode.c.h; path = ECVDeinterlacingMode.h; sourceTree = "<group>"; };
		B594FCF11252648A009E583F /* ECVDeinterlacingMode.m */ = {isa = PBXFileReference; fileEncoding = 4; lastKnownFileType = sourcecode.c.objc; path = ECVDeinterlacingMode.m; sourceTree = "<group>"; };
		B5A89D1117513C8400995E10 /* ECVFushicaiDevice.h */ = {isa = PBXFileReference; fileEncoding = 4; lastKnownFileType = sourcecode.c.h; path = ECVFushicaiDevice.h; sourceTree = "<group>"; };
		B5A89D1217513C8400995E10 /* ECVFushicaiDevice.m */ = {isa = PBXFileReference; fileEncoding = 4; lastKnownFileType = sourcecode.c.objc; path = ECVFushicaiDevice.m; sourceTree = "<group>"; };
		B5B4F5D6169E506200B14376 /* ECVSomagicDevice_Unloaded.h */ = {isa = PBXFileReference; fileEncoding = 4; lastKnownFileType = sourcecode.c.h; path = ECVSomagicDevice_Unloaded.h; sourceTree = "<group>"; };
		B5B4F5D7169E506200B14376 /* ECVSomagicDevice_Unloaded.m */ = {isa = PBXFileReference; fileEncoding = 4; lastKnownFileType = sourcecode.c.objc; path = ECVSomagicDevice_Unloaded.m; sourceTree = "<group>"; };
		B5BC2618166F78EC0036490F /* ECVVideoFormat.h */ = {isa = PBXFileReference; fileEncoding = 4; lastKnownFileType = sourcecode.c.h; path = ECVVideoFormat.h; sourceTree = "<group>"; };
		B5BC2619166F78EC0036490F /* ECVVideoFormat.m */ = {isa = PBXFileReference; fileEncoding = 4; lastKnownFileType = sourcecode.c.objc; path = ECVVideoFormat.m; sourceTree = "<group>"; };
		B5BC2805167E75CF0036490F /* ECVUSBTransferList.h */ = {isa = PBXFileReference; fileEncoding = 4; lastKnownFileType = sourcecode.c.h; path = ECVUSBTransferList.h; sourceTree = "<group>"; };
		B5BC2806167E75CF0036490F /* ECVUSBTransferList.m */ = {isa = PBXFileReference; fileEncoding = 4; lastKnownFileType = sourcecode.c.objc; path = ECVUSBTransferList.m; sourceTree = "<group>"; };
		B5BC28DD167E904D0036490F /* ECVCaptureDocument.h */ = {isa = PBXFileReference; fileEncoding = 4; lastKnownFileType = sourcecode.c.h; path = ECVCaptureDocument.h; sourceTree = "<group>"; };
		B5BC28DE167E904D0036490F /* ECVCaptureDocument.m */ = {isa = PBXFileReference; fileEncoding = 4; lastKnownFileType = sourcecode.c.objc; path = ECVCaptureDocument.m; sourceTree = "<group>"; };
		B5BC29D1167F68970036490F /* ECVVideoSource.h */ = {isa = PBXFileReference; fileEncoding = 4; lastKnownFileType = sourcecode.c.h; path = ECVVideoSource.h; sourceTree = "<group>"; };
		B5BC29D2167F68970036490F /* ECVVideoSource.m */ = {isa = PBXFileReference; fileEncoding = 4; lastKnownFileType = sourcecode.c.objc; path = ECVVideoSource.m; sourceTree = "<group>"; };
		B5BC2A67168132100036490F /* ECVAudioTarget.h */ = {isa = PBXFileReference; fileEncoding = 4; lastKnownFileType = sourcecode.c.h; path = ECVAudioTarget.h; sourceTree = "<group>"; };
		B5BC2A68168132100036490F /* ECVAudioTarget.m */ = {isa = PBXFileReference; fileEncoding = 4; lastKnownFileType = sourcecode.c.objc; path = ECVAudioTarget.m; sourceTree = "<group>"; };
		B5BC2ABE16813C740036490F /* ECVAVTarget.h */ = {isa = PBXFileReference; fileEncoding = 4; lastKnownFileType = sourcecode.c.h; path = ECVAVTarget.h; sourceTree = "<group>"; };
		B5C0606B169C6A6700E35266 /* ECVSomagicDevice.h */ = {isa = PBXFileReference; fileEncoding = 4; lastKnownFileType = sourcecode.c.h; path = ECVSomagicDevice.h; sourceTree = "<group>"; };
		B5C0606C169C6A6700E35266 /* ECVSomagicDevice.m */ = {isa = PBXFileReference; fileEncoding = 4; lastKnownFileType = sourcecode.c.objc; path = ECVSomagicDevice.m; sourceTree = "<group>"; };
		B5E3760D14928D2F00ED097A /* EasyCapViewer.icns */ = {isa = PBXFileReference; lastKnownFileType = image.icns; path = EasyCapViewer.icns; sourceTree = "<group>"; };
		B5F09992131CE00A0066FEB5 /* ECVFrameRateConverter.h */ = {isa = PBXFileReference; fileEncoding = 4; lastKnownFileType = sourcecode.c.h; path = ECVFrameRateConverter.h; sourceTree = "<group>"; };
		B5F09993131CE00A0066FEB5 /* ECVFrameRateConverter.m */ = {isa = PBXFileReference; fileEncoding = 4; lastKnownFileType = sourcecode.c.objc; path = ECVFrameRateConverter.m; sourceTree = "<group>"; };
		B5F09996131CE0550066FEB5 /* ECVRational.h */ = {isa = PBXFileReference; fileEncoding = 4; lastKnownFileType = sourcecode.c.h; path = ECVRational.h; sourceTree = "<group>"; };
		B5F09997131CE0550066FEB5 /* ECVRational.m */ = {isa = PBXFileReference; fileEncoding = 4; lastKnownFileType = sourcecode.c.objc; path = ECVRational.m; sourceTree = "<group>"; };
		B5F3C19B15277374005232AA /* ECVPixelFormat.h */ = {isa = PBXFileReference; fileEncoding = 4; lastKnownFileType = sourcecode.c.h; path = ECVPixelFormat.h; sourceTree = "<group>"; };
/* End PBXFileReference section */

/* Begin PBXFrameworksBuildPhase section */
		0E4D75BE11044A5900FE3DDC /* Frameworks */ = {
			isa = PBXFrameworksBuildPhase;
			buildActionMask = 2147483647;
			files = (
				0E4D76A311044A9100FE3DDC /* Carbon.framework in Frameworks */,
				0E4D75C511044A7A00FE3DDC /* Cocoa.framework in Frameworks */,
				0E9FAAE81107B210005C55CE /* CoreVideo.framework in Frameworks */,
				0E4D76D711046C2500FE3DDC /* IOKit.framework in Frameworks */,
				0E9FAAC91107B207005C55CE /* QTKit.framework in Frameworks */,
				0E4D75E911044A8400FE3DDC /* QuickTime.framework in Frameworks */,
			);
			runOnlyForDeploymentPostprocessing = 0;
		};
		8D11072E0486CEB800E47090 /* Frameworks */ = {
			isa = PBXFrameworksBuildPhase;
			buildActionMask = 2147483647;
			files = (
				8D11072F0486CEB800E47090 /* Cocoa.framework in Frameworks */,
				0E78C9F30FC8FA1000E9C148 /* IOKit.framework in Frameworks */,
				0E78CD850FC9F9E300E9C148 /* QuartzCore.framework in Frameworks */,
				0E78CDB50FC9F9EB00E9C148 /* OpenGL.framework in Frameworks */,
				0EC7D342101903F200CFBDFF /* CoreAudio.framework in Frameworks */,
				0EC7D4A41019A29800CFBDFF /* AudioToolbox.framework in Frameworks */,
				0E0AC92410203FB300C12D88 /* QTKit.framework in Frameworks */,
				0EE547941070F34C00F003AF /* CoreVideo.framework in Frameworks */,
				0EE5483A1071019600F003AF /* QuickTime.framework in Frameworks */,
				0E9F5E631085D06F00375752 /* Carbon.framework in Frameworks */,
				0E7FFC0010899578000C8217 /* vecLib.framework in Frameworks */,
			);
			runOnlyForDeploymentPostprocessing = 0;
		};
/* End PBXFrameworksBuildPhase section */

/* Begin PBXGroup section */
		080E96DDFE201D6D7F000001 /* Controllers */ = {
			isa = PBXGroup;
			children = (
				0E78CA4D0FC9128000E9C148 /* ECVController.h */,
				0E78CA4E0FC9128000E9C148 /* ECVController.m */,
				0E78C93C0FC8F98100E9C148 /* ECVCaptureController.h */,
				0E78C93D0FC8F98100E9C148 /* ECVCaptureController.m */,
				0E26A997100314E6002FF95A /* ECVConfigController.h */,
				0E26A998100314E6002FF95A /* ECVConfigController.m */,
				0E984D69108C65D100CB469C /* ECVErrorLogController.h */,
				0E984D6A108C65D100CB469C /* ECVErrorLogController.m */,
			);
			name = Controllers;
			sourceTree = "<group>";
		};
		0E2C230810AF91BD001B40EF /* Models */ = {
			isa = PBXGroup;
			children = (
				B5BC2ABE16813C740036490F /* ECVAVTarget.h */,
				B5BC28DD167E904D0036490F /* ECVCaptureDocument.h */,
				B5BC28DE167E904D0036490F /* ECVCaptureDocument.m */,
				0EB070DB10B0992400B9575B /* ECVCaptureDevice.h */,
				0EB070DC10B0992400B9575B /* ECVCaptureDevice.m */,
				B5BC2805167E75CF0036490F /* ECVUSBTransferList.h */,
				B5BC2806167E75CF0036490F /* ECVUSBTransferList.m */,
				0E78CD500FC9F8E500E9C148 /* STK1160 */,
				B54758411507B270006C0E44 /* eMPIA EM2860 */,
				B5C0606F169C6A6C00E35266 /* Somagic */,
				B5A89D1017513C2C00995E10 /* Fushicai */,
				0EB0723410B0D89D00B9575B /* Chipsets */,
				B50600D31327BC2F00B2F202 /* Video */,
				0E0C489B10B91DC2008731F2 /* ECVMovieRecorder.h */,
				0E0C489C10B91DC2008731F2 /* ECVMovieRecorder.m */,
				B5BC2A67168132100036490F /* ECVAudioTarget.h */,
				B5BC2A68168132100036490F /* ECVAudioTarget.m */,
			);
			name = Models;
			sourceTree = "<group>";
		};
		0E78CD500FC9F8E500E9C148 /* STK1160 */ = {
			isa = PBXGroup;
			children = (
				0E78CAAC0FC91B6500E9C148 /* ECVSTK1160Device.h */,
				0E78CAAD0FC91B6500E9C148 /* ECVSTK1160Device.m */,
				0EDF451A0FCD2167006630E1 /* stk11xx.h */,
				0E78CD4F0FC9F36000E9C148 /* stk11xx-dev-0408.m */,
			);
			name = STK1160;
			sourceTree = "<group>";
		};
		0E78CE870FC9FA5F00E9C148 /* Views */ = {
			isa = PBXGroup;
			children = (
				0E053FF50FDF1FFD003688BB /* MPLWindow.h */,
				0E053FF40FDF1FFD003688BB /* MPLWindow.m */,
				0EEFA5C0103BB79A0038C135 /* ECVVideoView.h */,
				0EEFA5C1103BB79A0038C135 /* ECVVideoView.m */,
				0E8CE0CA107BCE12004F05A7 /* ECVHUDPopUpButtonCell.h */,
				0E8CE0CB107BCE12004F05A7 /* ECVHUDPopUpButtonCell.m */,
				0E8CE1CF107BE953004F05A7 /* ECVHUDSliderCell.h */,
				0E8CE1D0107BE953004F05A7 /* ECVHUDSliderCell.m */,
				0EDC66951129186A00AF1803 /* ECVHUDSwitchButtonCell.h */,
				0EDC66961129186A00AF1803 /* ECVHUDSwitchButtonCell.m */,
				B516D83116E14B5C006E6031 /* ECVHUDButtonCell.h */,
				B516D83216E14B5C006E6031 /* ECVHUDButtonCell.m */,
				0E8CE216107BF845004F05A7 /* ECVTickMarkView.h */,
				0E8CE217107BF845004F05A7 /* ECVTickMarkView.m */,
				0E7FFC4310899D4B000C8217 /* ECVDividerView.h */,
				0E7FFC4410899D4B000C8217 /* ECVDividerView.m */,
				0E7FFD191089CEE0000C8217 /* ECVPlayButtonCell.h */,
				0E7FFD1A1089CEE0000C8217 /* ECVPlayButtonCell.m */,
				0E7FFD1C1089D60A000C8217 /* ECVCropCell.h */,
				0E7FFD1D1089D60A000C8217 /* ECVCropCell.m */,
			);
			name = Views;
			sourceTree = "<group>";
		};
		0EB0723410B0D89D00B9575B /* Chipsets */ = {
			isa = PBXGroup;
			children = (
				0E16F6AC10AE92C600730A18 /* SAA711XChip.h */,
				0E16F6AD10AE92C600730A18 /* SAA711XChip.m */,
				0EAE4FB5112BD420004D93B3 /* VT1612AChip.h */,
				0EAE4FB6112BD420004D93B3 /* VT1612AChip.m */,
			);
			name = Chipsets;
			sourceTree = "<group>";
		};
		1058C7A0FEA54F0111CA2CBB /* Linked Frameworks */ = {
			isa = PBXGroup;
			children = (
				0EC7D4A31019A29800CFBDFF /* AudioToolbox.framework */,
				0E9F5E621085D06F00375752 /* Carbon.framework */,
				1058C7A1FEA54F0111CA2CBB /* Cocoa.framework */,
				0EC7D341101903F200CFBDFF /* CoreAudio.framework */,
				0EE547931070F34C00F003AF /* CoreVideo.framework */,
				0E78C9F20FC8FA1000E9C148 /* IOKit.framework */,
				0E78CD840FC9F9E300E9C148 /* QuartzCore.framework */,
				0E78CDB40FC9F9EB00E9C148 /* OpenGL.framework */,
				0E0AC92310203FB300C12D88 /* QTKit.framework */,
				0EE548391071019600F003AF /* QuickTime.framework */,
				0E7FFBFF10899578000C8217 /* vecLib.framework */,
			);
			name = "Linked Frameworks";
			sourceTree = "<group>";
		};
		1058C7A2FEA54F0111CA2CBB /* Other Frameworks */ = {
			isa = PBXGroup;
			children = (
				29B97324FDCFA39411CA2CEA /* AppKit.framework */,
				13E42FB307B3F0F600E4EEF1 /* CoreData.framework */,
				29B97325FDCFA39411CA2CEA /* Foundation.framework */,
			);
			name = "Other Frameworks";
			sourceTree = "<group>";
		};
		19C28FACFE9D520D11CA2CBB /* Products */ = {
			isa = PBXGroup;
			children = (
				8D1107320486CEB800E47090 /* EasyCapViewer.app */,
				0E4D75C011044A5900FE3DDC /* ECVComponent.component */,
			);
			name = Products;
			sourceTree = "<group>";
		};
		29B97314FDCFA39411CA2CEA /* EasyCapViewer */ = {
			isa = PBXGroup;
			children = (
				0E2C230810AF91BD001B40EF /* Models */,
				0E78CE870FC9FA5F00E9C148 /* Views */,
				080E96DDFE201D6D7F000001 /* Controllers */,
				29B97315FDCFA39411CA2CEA /* Other Sources */,
				B5C268C61652D84D0015D032 /* Component */,
				29B97317FDCFA39411CA2CEA /* Resources */,
				29B97323FDCFA39411CA2CEA /* Frameworks */,
				19C28FACFE9D520D11CA2CBB /* Products */,
			);
			name = EasyCapViewer;
			sourceTree = "<group>";
		};
		29B97315FDCFA39411CA2CEA /* Other Sources */ = {
			isa = PBXGroup;
			children = (
				0E4D778611046F9E00FE3DDC /* EasyCapViewer.m */,
				32CA4F630368D1EE00C91783 /* EasyCapViewer_Prefix.pch */,
				0E8CE153107BE51C004F05A7 /* ECVAppKitAdditions.h */,
				0E8CE154107BE51C004F05A7 /* ECVAppKitAdditions.m */,
				0EC7D4AD1019B67600CFBDFF /* ECVAudioDevice.h */,
				0EC7D4AE1019B67600CFBDFF /* ECVAudioDevice.m */,
				0EC7D4AA1019B60100CFBDFF /* ECVAudioPipe.h */,
				0EC7D4AB1019B60100CFBDFF /* ECVAudioPipe.m */,
				0E78CB960FC92D8300E9C148 /* ECVDebug.h */,
				0E78CB970FC92D8300E9C148 /* ECVDebug.m */,
				0E9F9B2010F6764500935C48 /* ECVFoundationAdditions.h */,
				0E9F9B2110F6764500935C48 /* ECVFoundationAdditions.m */,
				B5028DC816594E5C00CB8CAB /* ECVICM.h */,
				0E9F9B1B10F6753C00935C48 /* ECVLocalizing.h */,
				0E9F9B1C10F6753C00935C48 /* ECVLocalizing.m */,
				0E7FFD1F1089D651000C8217 /* ECVOpenGLAdditions.h */,
				0E7FFD201089D651000C8217 /* ECVOpenGLAdditions.m */,
				B5F3C19B15277374005232AA /* ECVPixelFormat.h */,
				B5F09996131CE0550066FEB5 /* ECVRational.h */,
				B5F09997131CE0550066FEB5 /* ECVRational.m */,
				0E89833D10C2D740006BA9C6 /* ECVReadWriteLock.h */,
				0E89833E10C2D740006BA9C6 /* ECVReadWriteLock.m */,
				0EC8BF8E1090A3F400ED9BB0 /* ECVRectEdgeMask.h */,
				0EC8BF8F1090A3F400ED9BB0 /* ECVRectEdgeMask.m */,
			);
			name = "Other Sources";
			sourceTree = "<group>";
		};
		29B97317FDCFA39411CA2CEA /* Resources */ = {
			isa = PBXGroup;
			children = (
				0E4D76AF11044B1000FE3DDC /* EasyCapViewer-Info.plist */,
				0E4D75C111044A5900FE3DDC /* ECVComponent-Info.plist */,
				0E9FAA851107A5A7005C55CE /* ECVDevices.plist */,
				0E9F9B4110F679B800935C48 /* ECVMenu.xib */,
				0E9F9B3E10F679B800935C48 /* ECVCapture.xib */,
				0E9F9B3F10F679B800935C48 /* ECVConfig.xib */,
				0E9F9B4010F679B800935C48 /* ECVErrorLog.xib */,
				0E9F9B3310F679A400935C48 /* InfoPlist.strings */,
				0E9F9B2910F679A400935C48 /* Credits.rtf */,
				0E9F9B3110F679A400935C48 /* ECVMenu.strings */,
				0E9F9B2B10F679A400935C48 /* ECVCapture.strings */,
				0E9F9B2D10F679A400935C48 /* ECVConfig.strings */,
				0E9F9B2F10F679A400935C48 /* ECVErrorLog.strings */,
				0E9F9B3510F679A400935C48 /* Localizable.strings */,
				0EFEE894109205C300312653 /* Cursor-Resize-45.tiff */,
				0EFEE895109205C300312653 /* Cursor-Resize-135.tiff */,
				0E984E20108C7F3D00CB469C /* Log-Clear.png */,
				B5E3760D14928D2F00ED097A /* EasyCapViewer.icns */,
			);
			name = Resources;
			sourceTree = "<group>";
		};
		29B97323FDCFA39411CA2CEA /* Frameworks */ = {
			isa = PBXGroup;
			children = (
				1058C7A0FEA54F0111CA2CBB /* Linked Frameworks */,
				1058C7A2FEA54F0111CA2CBB /* Other Frameworks */,
			);
			name = Frameworks;
			sourceTree = "<group>";
		};
		B50600D31327BC2F00B2F202 /* Video */ = {
			isa = PBXGroup;
			children = (
				B5BC29D1167F68970036490F /* ECVVideoSource.h */,
				B5BC29D2167F68970036490F /* ECVVideoSource.m */,
				B5BC2618166F78EC0036490F /* ECVVideoFormat.h */,
				B5BC2619166F78EC0036490F /* ECVVideoFormat.m */,
				0E2C232610AF96A6001B40EF /* ECVVideoStorage.h */,
				0E2C232710AF96A6001B40EF /* ECVVideoStorage.m */,
				B58A144E1309C96700487B2D /* ECVDependentVideoStorage.h */,
				B58A144F1309C96700487B2D /* ECVDependentVideoStorage.m */,
				B50600641327948000B2F202 /* ECVIndependentVideoStorage.h */,
				B50600651327948000B2F202 /* ECVIndependentVideoStorage.m */,
				B594FCEF1252644D009E583F /* ECVDeinterlacingMode.h */,
				B594FCF11252648A009E583F /* ECVDeinterlacingMode.m */,
				B506006F132794E400B2F202 /* ECVPixelBuffer.h */,
				B5060070132794E400B2F202 /* ECVPixelBuffer.m */,
				0E2C230910AF91C6001B40EF /* ECVVideoFrame.h */,
				0E2C230A10AF91C6001B40EF /* ECVVideoFrame.m */,
				B5F09992131CE00A0066FEB5 /* ECVFrameRateConverter.h */,
				B5F09993131CE00A0066FEB5 /* ECVFrameRateConverter.m */,
			);
			name = Video;
			sourceTree = "<group>";
		};
		B54758411507B270006C0E44 /* eMPIA EM2860 */ = {
			isa = PBXGroup;
			children = (
				B54758471507B29B006C0E44 /* ECVEM2860Device.h */,
				B54758481507B29B006C0E44 /* ECVEM2860Device.m */,
			);
			name = "eMPIA EM2860";
			sourceTree = "<group>";
		};
		B5A89D1017513C2C00995E10 /* Fushicai */ = {
			isa = PBXGroup;
			children = (
				B5A89D1117513C8400995E10 /* ECVFushicaiDevice.h */,
				B5A89D1217513C8400995E10 /* ECVFushicaiDevice.m */,
			);
			name = Fushicai;
			sourceTree = "<group>";
		};
		B5C0606F169C6A6C00E35266 /* Somagic */ = {
			isa = PBXGroup;
			children = (
				B5C0606B169C6A6700E35266 /* ECVSomagicDevice.h */,
				B5C0606C169C6A6700E35266 /* ECVSomagicDevice.m */,
				B5B4F5D6169E506200B14376 /* ECVSomagicDevice_Unloaded.h */,
				B5B4F5D7169E506200B14376 /* ECVSomagicDevice_Unloaded.m */,
			);
			name = Somagic;
			sourceTree = "<group>";
		};
		B5C268C61652D84D0015D032 /* Component */ = {
			isa = PBXGroup;
			children = (
				0E4D76CA110454C000FE3DDC /* ECVComponent.m */,
				0E3B7CB21108E8F0003A8A39 /* ECVComponentDispatch.h */,
				0E3B7BF11108CC2C003A8A39 /* ECVComponent.r */,
			);
			name = Component;
			sourceTree = "<group>";
		};
/* End PBXGroup section */

/* Begin PBXNativeTarget section */
		0E4D75BF11044A5900FE3DDC /* ECVComponent */ = {
			isa = PBXNativeTarget;
			buildConfigurationList = 0E4D75C411044A5A00FE3DDC /* Build configuration list for PBXNativeTarget "ECVComponent" */;
			buildPhases = (
				0E4D75BC11044A5900FE3DDC /* Resources */,
				0E4D75BD11044A5900FE3DDC /* Sources */,
				0E4D75BE11044A5900FE3DDC /* Frameworks */,
				0E4D76A511044ACA00FE3DDC /* Rez */,
			);
			buildRules = (
			);
			dependencies = (
			);
			name = ECVComponent;
			productName = ECVComponent;
			productReference = 0E4D75C011044A5900FE3DDC /* ECVComponent.component */;
			productType = "com.apple.product-type.bundle";
		};
		8D1107260486CEB800E47090 /* EasyCapViewer */ = {
			isa = PBXNativeTarget;
			buildConfigurationList = C01FCF4A08A954540054247B /* Build configuration list for PBXNativeTarget "EasyCapViewer" */;
			buildPhases = (
				8D1107290486CEB800E47090 /* Resources */,
				8D11072C0486CEB800E47090 /* Sources */,
				0EB5348B101B3B2B000B7B2E /* CopyFiles */,
				8D11072E0486CEB800E47090 /* Frameworks */,
			);
			buildRules = (
			);
			dependencies = (
			);
			name = EasyCapViewer;
			productInstallPath = "$(HOME)/Applications";
			productName = EasyCapViewer;
			productReference = 8D1107320486CEB800E47090 /* EasyCapViewer.app */;
			productType = "com.apple.product-type.application";
		};
/* End PBXNativeTarget section */

/* Begin PBXProject section */
		29B97313FDCFA39411CA2CEA /* Project object */ = {
			isa = PBXProject;
			attributes = {
				LastUpgradeCheck = 0420;
			};
			buildConfigurationList = C01FCF4E08A954540054247B /* Build configuration list for PBXProject "EasyCapViewer" */;
			compatibilityVersion = "Xcode 3.1";
			developmentRegion = English;
			hasScannedForEncodings = 1;
			knownRegions = (
				English,
				Japanese,
				French,
				German,
				en,
			);
			mainGroup = 29B97314FDCFA39411CA2CEA /* EasyCapViewer */;
			projectDirPath = "";
			projectRoot = "";
			targets = (
				0E982B5E1134665B0062A2C8 /* Everything */,
				8D1107260486CEB800E47090 /* EasyCapViewer */,
				0E4D75BF11044A5900FE3DDC /* ECVComponent */,
			);
		};
/* End PBXProject section */

/* Begin PBXResourcesBuildPhase section */
		0E4D75BC11044A5900FE3DDC /* Resources */ = {
			isa = PBXResourcesBuildPhase;
			buildActionMask = 2147483647;
			files = (
				0E9FAA871107A662005C55CE /* ECVDevices.plist in Resources */,
				0E3B7F8B11091253003A8A39 /* InfoPlist.strings in Resources */,
				0ECDB5D5111C693100D5899C /* Localizable.strings in Resources */,
			);
			runOnlyForDeploymentPostprocessing = 0;
		};
		8D1107290486CEB800E47090 /* Resources */ = {
			isa = PBXResourcesBuildPhase;
			buildActionMask = 2147483647;
			files = (
				0E984E21108C7F3D00CB469C /* Log-Clear.png in Resources */,
				0EFEE896109205C300312653 /* Cursor-Resize-45.tiff in Resources */,
				0EFEE897109205C300312653 /* Cursor-Resize-135.tiff in Resources */,
				0E9F9B3710F679A400935C48 /* Credits.rtf in Resources */,
				0E9F9B3810F679A400935C48 /* ECVCapture.strings in Resources */,
				0E9F9B3910F679A400935C48 /* ECVConfig.strings in Resources */,
				0E9F9B3A10F679A400935C48 /* ECVErrorLog.strings in Resources */,
				0E9F9B3B10F679A400935C48 /* ECVMenu.strings in Resources */,
				0E9F9B3C10F679A400935C48 /* InfoPlist.strings in Resources */,
				0E9F9B3D10F679A400935C48 /* Localizable.strings in Resources */,
				0E9F9B4210F679B800935C48 /* ECVCapture.xib in Resources */,
				0E9F9B4310F679B800935C48 /* ECVConfig.xib in Resources */,
				0E9F9B4410F679B800935C48 /* ECVErrorLog.xib in Resources */,
				0E9F9B4510F679B800935C48 /* ECVMenu.xib in Resources */,
				0E9FAA861107A5A7005C55CE /* ECVDevices.plist in Resources */,
				B5E3760E14928D2F00ED097A /* EasyCapViewer.icns in Resources */,
			);
			runOnlyForDeploymentPostprocessing = 0;
		};
/* End PBXResourcesBuildPhase section */

/* Begin PBXRezBuildPhase section */
		0E4D76A511044ACA00FE3DDC /* Rez */ = {
			isa = PBXRezBuildPhase;
			buildActionMask = 2147483647;
			files = (
				0E3B7BF21108CC2C003A8A39 /* ECVComponent.r in Rez */,
			);
			runOnlyForDeploymentPostprocessing = 0;
		};
/* End PBXRezBuildPhase section */

/* Begin PBXSourcesBuildPhase section */
		0E4D75BD11044A5900FE3DDC /* Sources */ = {
			isa = PBXSourcesBuildPhase;
			buildActionMask = 2147483647;
			files = (
				0E4D76CC110454E100FE3DDC /* ECVComponent.m in Sources */,
				0E4D77FF11062C6200FE3DDC /* ECVSTK1160Device.m in Sources */,
				0E4D780011062C6600FE3DDC /* stk11xx-dev-0408.m in Sources */,
				0E4D780111062C6900FE3DDC /* SAA711XChip.m in Sources */,
				0E4D783D1106772000FE3DDC /* ECVCaptureDevice.m in Sources */,
				0E9FAABE1107B135005C55CE /* ECVVideoStorage.m in Sources */,
				0E9FAABF1107B138005C55CE /* ECVVideoFrame.m in Sources */,
				0E9FAAC81107B202005C55CE /* ECVReadWriteLock.m in Sources */,
				0E9FABB31107B22A005C55CE /* ECVDebug.m in Sources */,
				0EDC66981129186A00AF1803 /* ECVHUDSwitchButtonCell.m in Sources */,
				0EAE4FB7112BD420004D93B3 /* VT1612AChip.m in Sources */,
				B5281144130D7BB400FBE537 /* ECVFoundationAdditions.m in Sources */,
				B5F09995131CE00A0066FEB5 /* ECVFrameRateConverter.m in Sources */,
				B5F09999131CE0550066FEB5 /* ECVRational.m in Sources */,
				B5C5BF3C1323AE0300B1E2FE /* ECVDeinterlacingMode.m in Sources */,
				B50600661327948000B2F202 /* ECVIndependentVideoStorage.m in Sources */,
				B5060071132794E400B2F202 /* ECVPixelBuffer.m in Sources */,
				B5BC261B166F78EC0036490F /* ECVVideoFormat.m in Sources */,
				B5BC2807167E75CF0036490F /* ECVUSBTransferList.m in Sources */,
				B5BC29D3167F68970036490F /* ECVVideoSource.m in Sources */,
				B5BC2A11167F6FAB0036490F /* ECVEM2860Device.m in Sources */,
				B5B4F5D9169E506200B14376 /* ECVSomagicDevice_Unloaded.m in Sources */,
				B5A89D1417513C8400995E10 /* ECVFushicaiDevice.m in Sources */,
			);
			runOnlyForDeploymentPostprocessing = 0;
		};
		8D11072C0486CEB800E47090 /* Sources */ = {
			isa = PBXSourcesBuildPhase;
			buildActionMask = 2147483647;
			files = (
				0E78C93E0FC8F98100E9C148 /* ECVCaptureController.m in Sources */,
				0E78CA4F0FC9128000E9C148 /* ECVController.m in Sources */,
				0E78CAAE0FC91B6500E9C148 /* ECVSTK1160Device.m in Sources */,
				0E78CB980FC92D8300E9C148 /* ECVDebug.m in Sources */,
				0EDF46C20FCE1B4F006630E1 /* stk11xx-dev-0408.m in Sources */,
				0E053FF60FDF1FFD003688BB /* MPLWindow.m in Sources */,
				0E26A999100314E6002FF95A /* ECVConfigController.m in Sources */,
				0EC7D4AC1019B60100CFBDFF /* ECVAudioPipe.m in Sources */,
				0EC7D4AF1019B67600CFBDFF /* ECVAudioDevice.m in Sources */,
				0EEFA5C2103BB79A0038C135 /* ECVVideoView.m in Sources */,
				0E8CE0CC107BCE12004F05A7 /* ECVHUDPopUpButtonCell.m in Sources */,
				0E8CE155107BE51C004F05A7 /* ECVAppKitAdditions.m in Sources */,
				0E8CE1D1107BE953004F05A7 /* ECVHUDSliderCell.m in Sources */,
				0E8CE218107BF845004F05A7 /* ECVTickMarkView.m in Sources */,
				0E7FFC4510899D4B000C8217 /* ECVDividerView.m in Sources */,
				0E7FFD1B1089CEE0000C8217 /* ECVPlayButtonCell.m in Sources */,
				0E7FFD1E1089D60A000C8217 /* ECVCropCell.m in Sources */,
				0E7FFD211089D651000C8217 /* ECVOpenGLAdditions.m in Sources */,
				0E984D6B108C65D100CB469C /* ECVErrorLogController.m in Sources */,
				0EC8BF901090A3F400ED9BB0 /* ECVRectEdgeMask.m in Sources */,
				0E16F6AE10AE92C600730A18 /* SAA711XChip.m in Sources */,
				0E2C230B10AF91C6001B40EF /* ECVVideoFrame.m in Sources */,
				0E2C232810AF96A6001B40EF /* ECVVideoStorage.m in Sources */,
				0EB070DD10B0992400B9575B /* ECVCaptureDevice.m in Sources */,
				0E0C489D10B91DC2008731F2 /* ECVMovieRecorder.m in Sources */,
				0E89833F10C2D740006BA9C6 /* ECVReadWriteLock.m in Sources */,
				0E9F9B1D10F6753C00935C48 /* ECVLocalizing.m in Sources */,
				0E9F9B2210F6764500935C48 /* ECVFoundationAdditions.m in Sources */,
				0E4D778711046F9E00FE3DDC /* EasyCapViewer.m in Sources */,
				0EDC66971129186A00AF1803 /* ECVHUDSwitchButtonCell.m in Sources */,
				0EAE4FB8112BD420004D93B3 /* VT1612AChip.m in Sources */,
				B58A14501309C96800487B2D /* ECVDependentVideoStorage.m in Sources */,
				B5F09994131CE00A0066FEB5 /* ECVFrameRateConverter.m in Sources */,
				B5F09998131CE0550066FEB5 /* ECVRational.m in Sources */,
				B5C5BF3B1323AE0300B1E2FE /* ECVDeinterlacingMode.m in Sources */,
				B5060072132794E400B2F202 /* ECVPixelBuffer.m in Sources */,
				B5BC261A166F78EC0036490F /* ECVVideoFormat.m in Sources */,
				B5BC2808167E75CF0036490F /* ECVUSBTransferList.m in Sources */,
				B5BC28E0167E904D0036490F /* ECVCaptureDocument.m in Sources */,
				B5BC29D4167F68970036490F /* ECVVideoSource.m in Sources */,
				B5BC2A10167F6FAB0036490F /* ECVEM2860Device.m in Sources */,
				B5BC2A6A168132100036490F /* ECVAudioTarget.m in Sources */,
				B5C0606D169C6A6700E35266 /* ECVSomagicDevice.m in Sources */,
				B5B4F5D8169E506200B14376 /* ECVSomagicDevice_Unloaded.m in Sources */,
				B516D83316E14B5C006E6031 /* ECVHUDButtonCell.m in Sources */,
				B5A89D1317513C8400995E10 /* ECVFushicaiDevice.m in Sources */,
			);
			runOnlyForDeploymentPostprocessing = 0;
		};
/* End PBXSourcesBuildPhase section */

/* Begin PBXTargetDependency section */
		0E982B621134665F0062A2C8 /* PBXTargetDependency */ = {
			isa = PBXTargetDependency;
			target = 8D1107260486CEB800E47090 /* EasyCapViewer */;
			targetProxy = 0E982B611134665F0062A2C8 /* PBXContainerItemProxy */;
		};
		0E982B64113466620062A2C8 /* PBXTargetDependency */ = {
			isa = PBXTargetDependency;
			target = 0E4D75BF11044A5900FE3DDC /* ECVComponent */;
			targetProxy = 0E982B63113466620062A2C8 /* PBXContainerItemProxy */;
		};
/* End PBXTargetDependency section */

/* Begin PBXVariantGroup section */
		0E9F9B2910F679A400935C48 /* Credits.rtf */ = {
			isa = PBXVariantGroup;
			children = (
				0E9F9B2A10F679A400935C48 /* en */,
			);
			name = Credits.rtf;
			sourceTree = "<group>";
		};
		0E9F9B2B10F679A400935C48 /* ECVCapture.strings */ = {
			isa = PBXVariantGroup;
			children = (
				0E9F9B2C10F679A400935C48 /* en */,
			);
			name = ECVCapture.strings;
			sourceTree = "<group>";
		};
		0E9F9B2D10F679A400935C48 /* ECVConfig.strings */ = {
			isa = PBXVariantGroup;
			children = (
				0E9F9B2E10F679A400935C48 /* en */,
			);
			name = ECVConfig.strings;
			sourceTree = "<group>";
		};
		0E9F9B2F10F679A400935C48 /* ECVErrorLog.strings */ = {
			isa = PBXVariantGroup;
			children = (
				0E9F9B3010F679A400935C48 /* en */,
			);
			name = ECVErrorLog.strings;
			sourceTree = "<group>";
		};
		0E9F9B3110F679A400935C48 /* ECVMenu.strings */ = {
			isa = PBXVariantGroup;
			children = (
				0E9F9B3210F679A400935C48 /* en */,
			);
			name = ECVMenu.strings;
			sourceTree = "<group>";
		};
		0E9F9B3310F679A400935C48 /* InfoPlist.strings */ = {
			isa = PBXVariantGroup;
			children = (
				0E9F9B3410F679A400935C48 /* en */,
			);
			name = InfoPlist.strings;
			sourceTree = "<group>";
		};
		0E9F9B3510F679A400935C48 /* Localizable.strings */ = {
			isa = PBXVariantGroup;
			children = (
				0E9F9B3610F679A400935C48 /* en */,
			);
			name = Localizable.strings;
			sourceTree = "<group>";
		};
/* End PBXVariantGroup section */

/* Begin XCBuildConfiguration section */
		0E4D75C211044A5A00FE3DDC /* Debug */ = {
			isa = XCBuildConfiguration;
			buildSettings = {
				GCC_PREFIX_HEADER = EasyCapViewer_Prefix.pch;
				GCC_PREPROCESSOR_DEFINITIONS_NOT_USED_IN_PRECOMPS = (
					"$(inherited)",
					ECV_NO_CONTROLLERS,
					ECV_LOG_TO_DESKTOP,
				);
				INFOPLIST_FILE = "ECVComponent-Info.plist";
				PRODUCT_NAME = ECVComponent;
				WRAPPER_EXTENSION = component;
			};
			name = Debug;
		};
		0E4D75C311044A5A00FE3DDC /* Release */ = {
			isa = XCBuildConfiguration;
			buildSettings = {
				GCC_PREFIX_HEADER = EasyCapViewer_Prefix.pch;
				GCC_PREPROCESSOR_DEFINITIONS_NOT_USED_IN_PRECOMPS = (
					"$(inherited)",
					ECV_NO_CONTROLLERS,
					ECV_LOG_TO_CONSOLE,
				);
				INFOPLIST_FILE = "ECVComponent-Info.plist";
				PRODUCT_NAME = ECVComponent;
				WRAPPER_EXTENSION = component;
			};
			name = Release;
		};
		0E982B5F1134665B0062A2C8 /* Debug */ = {
			isa = XCBuildConfiguration;
			buildSettings = {
				COPY_PHASE_STRIP = NO;
				GCC_DYNAMIC_NO_PIC = NO;
				GCC_OPTIMIZATION_LEVEL = 0;
				PRODUCT_NAME = Everything;
			};
			name = Debug;
		};
		0E982B601134665B0062A2C8 /* Release */ = {
			isa = XCBuildConfiguration;
			buildSettings = {
				COPY_PHASE_STRIP = YES;
				DEBUG_INFORMATION_FORMAT = "dwarf-with-dsym";
				GCC_ENABLE_FIX_AND_CONTINUE = NO;
				PRODUCT_NAME = Everything;
				ZERO_LINK = NO;
			};
			name = Release;
		};
		C01FCF4B08A954540054247B /* Debug */ = {
			isa = XCBuildConfiguration;
			buildSettings = {
				ALWAYS_SEARCH_USER_PATHS = NO;
				COPY_PHASE_STRIP = NO;
				GCC_DYNAMIC_NO_PIC = NO;
				GCC_ENABLE_FIX_AND_CONTINUE = YES;
				GCC_MODEL_TUNING = G5;
				GCC_OPTIMIZATION_LEVEL = 0;
				GCC_PRECOMPILE_PREFIX_HEADER = YES;
				GCC_PREFIX_HEADER = EasyCapViewer_Prefix.pch;
				GCC_PREPROCESSOR_DEFINITIONS_NOT_USED_IN_PRECOMPS = (
					"$(inherited)",
					ECV_ENABLE_AUDIO,
					ECV_LOG_TO_CONSOLE,
					ECV_LOG_TO_WINDOW,
				);
				INFOPLIST_FILE = "EasyCapViewer-Info.plist";
				INSTALL_PATH = "$(HOME)/Applications";
				PRODUCT_NAME = EasyCapViewer;
			};
			name = Debug;
		};
		C01FCF4C08A954540054247B /* Release */ = {
			isa = XCBuildConfiguration;
			buildSettings = {
				ALWAYS_SEARCH_USER_PATHS = NO;
				DEBUG_INFORMATION_FORMAT = "dwarf-with-dsym";
				GCC_MODEL_TUNING = G5;
				GCC_PRECOMPILE_PREFIX_HEADER = YES;
				GCC_PREFIX_HEADER = EasyCapViewer_Prefix.pch;
				GCC_PREPROCESSOR_DEFINITIONS_NOT_USED_IN_PRECOMPS = (
					"$(inherited)",
					ECV_ENABLE_AUDIO,
					ECV_LOG_TO_CONSOLE,
					ECV_LOG_TO_WINDOW,
				);
				INFOPLIST_FILE = "EasyCapViewer-Info.plist";
				INSTALL_PATH = "$(HOME)/Applications";
				PRODUCT_NAME = EasyCapViewer;
			};
			name = Release;
		};
		C01FCF4F08A954540054247B /* Debug */ = {
			isa = XCBuildConfiguration;
			buildSettings = {
				ARCHS = "$(ARCHS_STANDARD_32_64_BIT)";
				ECV_BUNDLE_IDENTIFIER = com.BenTrask.EasyCapViewer;
				GCC_C_LANGUAGE_STANDARD = c99;
				GCC_OPTIMIZATION_LEVEL = 0;
				GCC_PREPROCESSOR_DEFINITIONS_NOT_USED_IN_PRECOMPS = ECV_DEBUG;
				GCC_TREAT_WARNINGS_AS_ERRORS = YES;
				GCC_VERSION = com.apple.compilers.llvm.clang.1_0;
				GCC_WARN_ABOUT_MISSING_NEWLINE = YES;
				GCC_WARN_ABOUT_RETURN_TYPE = YES;
				GCC_WARN_MISSING_PARENTHESES = YES;
				GCC_WARN_SIGN_COMPARE = YES;
				GCC_WARN_UNINITIALIZED_AUTOS = YES;
				MACOSX_DEPLOYMENT_TARGET = 10.5;
				ONLY_ACTIVE_ARCH = YES;
				OTHER_REZFLAGS = "-d ppc_$(ppc) -d i386_$(i386)";
				PREBINDING = NO;
			};
			name = Debug;
		};
		C01FCF5008A954540054247B /* Release */ = {
			isa = XCBuildConfiguration;
			buildSettings = {
				ARCHS = (
					ppc,
					"$(ARCHS_STANDARD_32_BIT)",
				);
				ECV_BUNDLE_IDENTIFIER = com.BenTrask.EasyCapViewer;
				GCC_AUTO_VECTORIZATION = YES;
				GCC_C_LANGUAGE_STANDARD = c99;
				GCC_MODEL_TUNING = G5;
				GCC_OPTIMIZATION_LEVEL = 3;
				GCC_PREPROCESSOR_DEFINITIONS = NS_BLOCK_ASSERTIONS;
				GCC_TREAT_WARNINGS_AS_ERRORS = YES;
				GCC_VERSION = com.apple.compilers.llvm.clang.1_0;
				GCC_WARN_ABOUT_MISSING_NEWLINE = YES;
				GCC_WARN_ABOUT_RETURN_TYPE = YES;
				GCC_WARN_MISSING_PARENTHESES = YES;
				GCC_WARN_SIGN_COMPARE = YES;
				GCC_WARN_UNINITIALIZED_AUTOS = YES;
				MACOSX_DEPLOYMENT_TARGET = 10.5;
				OTHER_REZFLAGS = "-d ppc_$(ppc) -d i386_$(i386)";
				PREBINDING = NO;
			};
			name = Release;
		};
/* End XCBuildConfiguration section */

/* Begin XCConfigurationList section */
		0E4D75C411044A5A00FE3DDC /* Build configuration list for PBXNativeTarget "ECVComponent" */ = {
			isa = XCConfigurationList;
			buildConfigurations = (
				0E4D75C211044A5A00FE3DDC /* Debug */,
				0E4D75C311044A5A00FE3DDC /* Release */,
			);
			defaultConfigurationIsVisible = 0;
			defaultConfigurationName = Release;
		};
		0E982B7F113466900062A2C8 /* Build configuration list for PBXAggregateTarget "Everything" */ = {
			isa = XCConfigurationList;
			buildConfigurations = (
				0E982B5F1134665B0062A2C8 /* Debug */,
				0E982B601134665B0062A2C8 /* Release */,
			);
			defaultConfigurationIsVisible = 0;
			defaultConfigurationName = Release;
		};
		C01FCF4A08A954540054247B /* Build configuration list for PBXNativeTarget "EasyCapViewer" */ = {
			isa = XCConfigurationList;
			buildConfigurations = (
				C01FCF4B08A954540054247B /* Debug */,
				C01FCF4C08A954540054247B /* Release */,
			);
			defaultConfigurationIsVisible = 0;
			defaultConfigurationName = Release;
		};
		C01FCF4E08A954540054247B /* Build configuration list for PBXProject "EasyCapViewer" */ = {
			isa = XCConfigurationList;
			buildConfigurations = (
				C01FCF4F08A954540054247B /* Debug */,
				C01FCF5008A954540054247B /* Release */,
			);
			defaultConfigurationIsVisible = 0;
			defaultConfigurationName = Release;
		};
/* End XCConfigurationList section */
	};
	rootObject = 29B97313FDCFA39411CA2CEA /* Project object */;
}
